Microsoft Visual Studio Solution File, Format Version 12.00
# Visual Studio 2013
Project("{8BC9CEB8-8B4A-11D0-8D11-00A0C91BC942}") = "ALL_BUILD", "ALL_BUILD.vcxproj", "{2F8189DB-9653-32BE-9A22-8923E756A36A}"
	ProjectSection(ProjectDependencies) = postProject
		{E909AE7D-41FE-3338-8610-43E5999010B4} = {E909AE7D-41FE-3338-8610-43E5999010B4}
		{C5A2E75C-7680-38EA-BAAA-71B5C5971EBA} = {C5A2E75C-7680-38EA-BAAA-71B5C5971EBA}
		{F9E460DE-A54D-3A57-BEA8-57B916F29BFA} = {F9E460DE-A54D-3A57-BEA8-57B916F29BFA}
		{FF5C4EE1-7563-3BBB-87BC-C1C08ADEF183} = {FF5C4EE1-7563-3BBB-87BC-C1C08ADEF183}
		{03841384-2B55-3A5B-989E-85626DD6F1B5} = {03841384-2B55-3A5B-989E-85626DD6F1B5}
		{411DF16C-C232-3E96-933A-0AA8E22A77FA} = {411DF16C-C232-3E96-933A-0AA8E22A77FA}
		{646D834E-D849-3D5B-A737-A8BA13151762} = {646D834E-D849-3D5B-A737-A8BA13151762}
		{2A0B3FEA-996F-38F0-8E96-96E5CAD7A537} = {2A0B3FEA-996F-38F0-8E96-96E5CAD7A537}
		{6B3019B4-510D-3682-BF10-1BBFD8A190DE} = {6B3019B4-510D-3682-BF10-1BBFD8A190DE}
		{AD22EC6D-1B61-360F-9CBA-4FEEB88D23CA} = {AD22EC6D-1B61-360F-9CBA-4FEEB88D23CA}
		{041096B2-D99B-34AA-B9FB-CC81E0CD7FEF} = {041096B2-D99B-34AA-B9FB-CC81E0CD7FEF}
		{A83DCBAC-D0E2-3F57-B94B-247916B41A49} = {A83DCBAC-D0E2-3F57-B94B-247916B41A49}
		{9FEF7CC9-E375-3A7E-8B8D-2912EAB0F364} = {9FEF7CC9-E375-3A7E-8B8D-2912EAB0F364}
		{349B2C3F-A59F-3193-AAC5-CE48D25C1212} = {349B2C3F-A59F-3193-AAC5-CE48D25C1212}
		{D4402BF9-049F-3C9B-95BD-28380000E8F5} = {D4402BF9-049F-3C9B-95BD-28380000E8F5}
		{8A9C4924-F06F-391F-B9DA-105FB388F9F4} = {8A9C4924-F06F-391F-B9DA-105FB388F9F4}
		{7BBF1809-C5FD-31F6-A45C-1A6E917116C4} = {7BBF1809-C5FD-31F6-A45C-1A6E917116C4}
		{7D541997-C0A2-31B1-8BAF-A7772D8EC86F} = {7D541997-C0A2-31B1-8BAF-A7772D8EC86F}
		{0724E350-05E3-378B-BA4C-6CB62E1B4D63} = {0724E350-05E3-378B-BA4C-6CB62E1B4D63}
		{377DEE41-8709-38E3-9B72-1E92A200C958} = {377DEE41-8709-38E3-9B72-1E92A200C958}
		{BD9FA1DC-2549-3D96-84C1-4B508D6A29BF} = {BD9FA1DC-2549-3D96-84C1-4B508D6A29BF}
		{3C6DD498-A733-33E8-9D40-32E1F87221CC} = {3C6DD498-A733-33E8-9D40-32E1F87221CC}
		{6ABEC4BE-AF0A-3216-944F-299B14876B7D} = {6ABEC4BE-AF0A-3216-944F-299B14876B7D}
		{2A1B8546-51F2-3CF8-A43D-4A8D9157A5AF} = {2A1B8546-51F2-3CF8-A43D-4A8D9157A5AF}
		{34B4C2DA-459F-3FA1-945F-82C8C6DF3AD0} = {34B4C2DA-459F-3FA1-945F-82C8C6DF3AD0}
		{29E119DE-D15F-3638-8A22-B315E4A0F470} = {29E119DE-D15F-3638-8A22-B315E4A0F470}
		{1D79A6B2-4835-3C33-86E1-E8B0F174907B} = {1D79A6B2-4835-3C33-86E1-E8B0F174907B}
		{1BB02D56-23E8-3AE8-BF89-4964BFBE326D} = {1BB02D56-23E8-3AE8-BF89-4964BFBE326D}
		{810F51BF-6B55-3B96-87AC-B5341D431683} = {810F51BF-6B55-3B96-87AC-B5341D431683}
		{ECDDD84D-9806-3FC7-BBD0-3A1D54D8A633} = {ECDDD84D-9806-3FC7-BBD0-3A1D54D8A633}
		{0C93F614-F15C-3662-9E1A-35991C23076E} = {0C93F614-F15C-3662-9E1A-35991C23076E}
		{41AE8CEC-24E1-3C78-8812-6DD2D91563E4} = {41AE8CEC-24E1-3C78-8812-6DD2D91563E4}
		{603C0B69-FDB8-30A5-A241-72E228EC55F0} = {603C0B69-FDB8-30A5-A241-72E228EC55F0}
		{0D4C3480-523A-3584-93C1-AE3D71AD8284} = {0D4C3480-523A-3584-93C1-AE3D71AD8284}
		{697984E3-23A1-3C26-9665-2FBBB0A89B0D} = {697984E3-23A1-3C26-9665-2FBBB0A89B0D}
		{E41E860B-CA8D-371C-982C-2BDE636E9F02} = {E41E860B-CA8D-371C-982C-2BDE636E9F02}
		{A342824D-2ED7-3BEA-8A0A-F707323A3AD8} = {A342824D-2ED7-3BEA-8A0A-F707323A3AD8}
		{97483F62-9450-3D1C-9C2A-FB12239AE966} = {97483F62-9450-3D1C-9C2A-FB12239AE966}
		{DDFECCEA-72A2-3E2F-A5BE-E3BD5FD1DC85} = {DDFECCEA-72A2-3E2F-A5BE-E3BD5FD1DC85}
		{A3F347A2-B364-3512-A311-A32BCF25D06E} = {A3F347A2-B364-3512-A311-A32BCF25D06E}
		{A08954F4-AA77-340A-856D-F8F5E4446D02} = {A08954F4-AA77-340A-856D-F8F5E4446D02}
		{DD2D60FA-8E33-34F3-BBBB-0726A7B79BDF} = {DD2D60FA-8E33-34F3-BBBB-0726A7B79BDF}
		{4C8A4D0C-9C05-3355-9521-E3FFE0E81432} = {4C8A4D0C-9C05-3355-9521-E3FFE0E81432}
		{796C6C3C-BA6E-3462-AE6A-282FD533101E} = {796C6C3C-BA6E-3462-AE6A-282FD533101E}
		{288D0D29-B9FE-338A-BC70-1C3182F0AE2E} = {288D0D29-B9FE-338A-BC70-1C3182F0AE2E}
		{D2D9A48A-1E9D-3413-BC18-0BB4E9D2F8EF} = {D2D9A48A-1E9D-3413-BC18-0BB4E9D2F8EF}
		{37AD517F-40CC-318F-AEF2-DBCEFD64C038} = {37AD517F-40CC-318F-AEF2-DBCEFD64C038}
		{2AA95958-A0AC-354B-B080-D1A33A8E2DDC} = {2AA95958-A0AC-354B-B080-D1A33A8E2DDC}
		{ED4E968E-EDBC-313F-B833-84EF8C79B4F7} = {ED4E968E-EDBC-313F-B833-84EF8C79B4F7}
		{8E720C4D-F856-3AB7-B929-0DCD66DC7217} = {8E720C4D-F856-3AB7-B929-0DCD66DC7217}
		{10568579-3C6B-3960-95A2-0AF91A06D2D6} = {10568579-3C6B-3960-95A2-0AF91A06D2D6}
		{DCDF0C9F-D2E2-336D-A77D-7D7407E5832D} = {DCDF0C9F-D2E2-336D-A77D-7D7407E5832D}
		{209C20B8-5D76-3835-8D08-7706D796B60C} = {209C20B8-5D76-3835-8D08-7706D796B60C}
		{BBE410DB-48D8-3145-A986-EFBA8605DE6E} = {BBE410DB-48D8-3145-A986-EFBA8605DE6E}
		{F52F0213-AFBE-32A4-ACD0-858FB67E5198} = {F52F0213-AFBE-32A4-ACD0-858FB67E5198}
		{29BBB1ED-3896-3117-9608-6D5005B61A00} = {29BBB1ED-3896-3117-9608-6D5005B61A00}
		{EF81FAE4-C6A4-32C5-B211-6C639D7B7F48} = {EF81FAE4-C6A4-32C5-B211-6C639D7B7F48}
		{891C6E5C-A1E1-32F1-B48E-FF23B46879C9} = {891C6E5C-A1E1-32F1-B48E-FF23B46879C9}
		{85C3C257-0CA4-3545-B7B4-CBDBBA3E3B2C} = {85C3C257-0CA4-3545-B7B4-CBDBBA3E3B2C}
		{A3A04803-22EA-3BD7-9CFE-9408E467D0B2} = {A3A04803-22EA-3BD7-9CFE-9408E467D0B2}
		{127D0B03-A24F-392E-A201-E3F38C22D291} = {127D0B03-A24F-392E-A201-E3F38C22D291}
		{49E94FF4-02B2-351A-B22D-0F69F7AD4986} = {49E94FF4-02B2-351A-B22D-0F69F7AD4986}
		{9796E99F-9D3B-3F26-BD03-8A811887CAEA} = {9796E99F-9D3B-3F26-BD03-8A811887CAEA}
		{F19D306C-64FF-3CDB-A6A4-E6E4AE5C61E6} = {F19D306C-64FF-3CDB-A6A4-E6E4AE5C61E6}
		{287B1344-FE50-3F78-80F0-E4FB7BEDA0E2} = {287B1344-FE50-3F78-80F0-E4FB7BEDA0E2}
		{309B5DAC-8E9B-39E8-8E53-E805CA31319B} = {309B5DAC-8E9B-39E8-8E53-E805CA31319B}
		{A1319D01-5BF9-33B6-83F3-94ABC19B1EEE} = {A1319D01-5BF9-33B6-83F3-94ABC19B1EEE}
		{C74CAEB6-EE82-3070-8A77-20C4A643C49E} = {C74CAEB6-EE82-3070-8A77-20C4A643C49E}
		{0AC6D3C1-B5B4-3464-929D-0E0F732C4C08} = {0AC6D3C1-B5B4-3464-929D-0E0F732C4C08}
		{9BD2F873-810D-3A93-854B-821CEE35B770} = {9BD2F873-810D-3A93-854B-821CEE35B770}
		{8425348E-5D88-3E2A-BA01-E5C9D01F9802} = {8425348E-5D88-3E2A-BA01-E5C9D01F9802}
		{30E55CC8-5BD4-3221-ACC1-4DFC7E417A4D} = {30E55CC8-5BD4-3221-ACC1-4DFC7E417A4D}
		{45BDDDDB-3D3A-3579-8EAA-A68CAA58FF2C} = {45BDDDDB-3D3A-3579-8EAA-A68CAA58FF2C}
		{90CD75E7-1CB0-3235-8CCD-F2DE59EA8F01} = {90CD75E7-1CB0-3235-8CCD-F2DE59EA8F01}
		{064FE91E-FD06-36F8-AE5C-C5A16B9FE5C9} = {064FE91E-FD06-36F8-AE5C-C5A16B9FE5C9}
		{629E70AD-E6D2-3253-817F-5DF13E565D51} = {629E70AD-E6D2-3253-817F-5DF13E565D51}
		{9823AE48-0387-3045-8FF6-1495DB750B8F} = {9823AE48-0387-3045-8FF6-1495DB750B8F}
		{6B8580DB-4676-3171-B057-0D26BC6E45E5} = {6B8580DB-4676-3171-B057-0D26BC6E45E5}
		{B2431B30-65EE-366A-85FA-E3000C238C88} = {B2431B30-65EE-366A-85FA-E3000C238C88}
		{2C75FB9F-365E-3D98-85CB-F523DC37ED46} = {2C75FB9F-365E-3D98-85CB-F523DC37ED46}
		{03120A04-FAC5-3E2E-83ED-60FD3A6DF0AD} = {03120A04-FAC5-3E2E-83ED-60FD3A6DF0AD}
		{2B129929-5D8D-3D2E-8523-FFD39A5C620D} = {2B129929-5D8D-3D2E-8523-FFD39A5C620D}
		{AA225FA0-2F9B-3D44-9921-2B2B3C7B3121} = {AA225FA0-2F9B-3D44-9921-2B2B3C7B3121}
		{B38A4F7E-F850-3AC6-8F97-F6660A4B7AE7} = {B38A4F7E-F850-3AC6-8F97-F6660A4B7AE7}
	EndProjectSection
EndProject
Project("{8BC9CEB8-8B4A-11D0-8D11-00A0C91BC942}") = "ZERO_CHECK", "ZERO_CHECK.vcxproj", "{E909AE7D-41FE-3338-8610-43E5999010B4}"
	ProjectSection(ProjectDependencies) = postProject
	EndProjectSection
EndProject
Project("{8BC9CEB8-8B4A-11D0-8D11-00A0C91BC942}") = "alienrain", "alienrain.vcxproj", "{C5A2E75C-7680-38EA-BAAA-71B5C5971EBA}"
	ProjectSection(ProjectDependencies) = postProject
		{E909AE7D-41FE-3338-8610-43E5999010B4} = {E909AE7D-41FE-3338-8610-43E5999010B4}
		{127D0B03-A24F-392E-A201-E3F38C22D291} = {127D0B03-A24F-392E-A201-E3F38C22D291}
	EndProjectSection
EndProject
Project("{8BC9CEB8-8B4A-11D0-8D11-00A0C91BC942}") = "basicfbo", "basicfbo.vcxproj", "{F9E460DE-A54D-3A57-BEA8-57B916F29BFA}"
	ProjectSection(ProjectDependencies) = postProject
		{E909AE7D-41FE-3338-8610-43E5999010B4} = {E909AE7D-41FE-3338-8610-43E5999010B4}
		{127D0B03-A24F-392E-A201-E3F38C22D291} = {127D0B03-A24F-392E-A201-E3F38C22D291}
	EndProjectSection
EndProject
Project("{8BC9CEB8-8B4A-11D0-8D11-00A0C91BC942}") = "bindlesstex", "bindlesstex.vcxproj", "{FF5C4EE1-7563-3BBB-87BC-C1C08ADEF183}"
	ProjectSection(ProjectDependencies) = postProject
		{E909AE7D-41FE-3338-8610-43E5999010B4} = {E909AE7D-41FE-3338-8610-43E5999010B4}
		{127D0B03-A24F-392E-A201-E3F38C22D291} = {127D0B03-A24F-392E-A201-E3F38C22D291}
	EndProjectSection
EndProject
Project("{8BC9CEB8-8B4A-11D0-8D11-00A0C91BC942}") = "blendmatrix", "blendmatrix.vcxproj", "{03841384-2B55-3A5B-989E-85626DD6F1B5}"
	ProjectSection(ProjectDependencies) = postProject
		{E909AE7D-41FE-3338-8610-43E5999010B4} = {E909AE7D-41FE-3338-8610-43E5999010B4}
		{127D0B03-A24F-392E-A201-E3F38C22D291} = {127D0B03-A24F-392E-A201-E3F38C22D291}
	EndProjectSection
EndProject
Project("{8BC9CEB8-8B4A-11D0-8D11-00A0C91BC942}") = "blinnphong", "blinnphong.vcxproj", "{411DF16C-C232-3E96-933A-0AA8E22A77FA}"
	ProjectSection(ProjectDependencies) = postProject
		{E909AE7D-41FE-3338-8610-43E5999010B4} = {E909AE7D-41FE-3338-8610-43E5999010B4}
		{127D0B03-A24F-392E-A201-E3F38C22D291} = {127D0B03-A24F-392E-A201-E3F38C22D291}
	EndProjectSection
EndProject
Project("{8BC9CEB8-8B4A-11D0-8D11-00A0C91BC942}") = "bumpmapping", "bumpmapping.vcxproj", "{646D834E-D849-3D5B-A737-A8BA13151762}"
	ProjectSection(ProjectDependencies) = postProject
		{E909AE7D-41FE-3338-8610-43E5999010B4} = {E909AE7D-41FE-3338-8610-43E5999010B4}
		{127D0B03-A24F-392E-A201-E3F38C22D291} = {127D0B03-A24F-392E-A201-E3F38C22D291}
	EndProjectSection
EndProject
Project("{8BC9CEB8-8B4A-11D0-8D11-00A0C91BC942}") = "clipdistance", "clipdistance.vcxproj", "{2A0B3FEA-996F-38F0-8E96-96E5CAD7A537}"
	ProjectSection(ProjectDependencies) = postProject
		{E909AE7D-41FE-3338-8610-43E5999010B4} = {E909AE7D-41FE-3338-8610-43E5999010B4}
		{127D0B03-A24F-392E-A201-E3F38C22D291} = {127D0B03-A24F-392E-A201-E3F38C22D291}
	EndProjectSection
EndProject
Project("{8BC9CEB8-8B4A-11D0-8D11-00A0C91BC942}") = "compressrgtc", "compressrgtc.vcxproj", "{6B3019B4-510D-3682-BF10-1BBFD8A190DE}"
	ProjectSection(ProjectDependencies) = postProject
		{E909AE7D-41FE-3338-8610-43E5999010B4} = {E909AE7D-41FE-3338-8610-43E5999010B4}
		{127D0B03-A24F-392E-A201-E3F38C22D291} = {127D0B03-A24F-392E-A201-E3F38C22D291}
	EndProjectSection
EndProject
Project("{8BC9CEB8-8B4A-11D0-8D11-00A0C91BC942}") = "csflocking", "csflocking.vcxproj", "{AD22EC6D-1B61-360F-9CBA-4FEEB88D23CA}"
	ProjectSection(ProjectDependencies) = postProject
		{E909AE7D-41FE-3338-8610-43E5999010B4} = {E909AE7D-41FE-3338-8610-43E5999010B4}
		{127D0B03-A24F-392E-A201-E3F38C22D291} = {127D0B03-A24F-392E-A201-E3F38C22D291}
	EndProjectSection
EndProject
Project("{8BC9CEB8-8B4A-11D0-8D11-00A0C91BC942}") = "cubemapenv", "cubemapenv.vcxproj", "{041096B2-D99B-34AA-B9FB-CC81E0CD7FEF}"
	ProjectSection(ProjectDependencies) = postProject
		{E909AE7D-41FE-3338-8610-43E5999010B4} = {E909AE7D-41FE-3338-8610-43E5999010B4}
		{127D0B03-A24F-392E-A201-E3F38C22D291} = {127D0B03-A24F-392E-A201-E3F38C22D291}
	EndProjectSection
EndProject
Project("{8BC9CEB8-8B4A-11D0-8D11-00A0C91BC942}") = "cubicbezier", "cubicbezier.vcxproj", "{A83DCBAC-D0E2-3F57-B94B-247916B41A49}"
	ProjectSection(ProjectDependencies) = postProject
		{E909AE7D-41FE-3338-8610-43E5999010B4} = {E909AE7D-41FE-3338-8610-43E5999010B4}
		{127D0B03-A24F-392E-A201-E3F38C22D291} = {127D0B03-A24F-392E-A201-E3F38C22D291}
	EndProjectSection
EndProject
Project("{8BC9CEB8-8B4A-11D0-8D11-00A0C91BC942}") = "cullindirect", "cullindirect.vcxproj", "{9FEF7CC9-E375-3A7E-8B8D-2912EAB0F364}"
	ProjectSection(ProjectDependencies) = postProject
		{E909AE7D-41FE-3338-8610-43E5999010B4} = {E909AE7D-41FE-3338-8610-43E5999010B4}
		{127D0B03-A24F-392E-A201-E3F38C22D291} = {127D0B03-A24F-392E-A201-E3F38C22D291}
	EndProjectSection
EndProject
Project("{8BC9CEB8-8B4A-11D0-8D11-00A0C91BC942}") = "debug", "debug.vcxproj", "{F557F5B9-9664-3052-8C6F-8B9994976884}"
	ProjectSection(ProjectDependencies) = postProject
		{E909AE7D-41FE-3338-8610-43E5999010B4} = {E909AE7D-41FE-3338-8610-43E5999010B4}
	EndProjectSection
EndProject
Project("{8BC9CEB8-8B4A-11D0-8D11-00A0C91BC942}") = "deferredshading", "deferredshading.vcxproj", "{349B2C3F-A59F-3193-AAC5-CE48D25C1212}"
	ProjectSection(ProjectDependencies) = postProject
		{E909AE7D-41FE-3338-8610-43E5999010B4} = {E909AE7D-41FE-3338-8610-43E5999010B4}
		{127D0B03-A24F-392E-A201-E3F38C22D291} = {127D0B03-A24F-392E-A201-E3F38C22D291}
	EndProjectSection
EndProject
Project("{8BC9CEB8-8B4A-11D0-8D11-00A0C91BC942}") = "depthclamp", "depthclamp.vcxproj", "{D4402BF9-049F-3C9B-95BD-28380000E8F5}"
	ProjectSection(ProjectDependencies) = postProject
		{E909AE7D-41FE-3338-8610-43E5999010B4} = {E909AE7D-41FE-3338-8610-43E5999010B4}
		{127D0B03-A24F-392E-A201-E3F38C22D291} = {127D0B03-A24F-392E-A201-E3F38C22D291}
	EndProjectSection
EndProject
Project("{8BC9CEB8-8B4A-11D0-8D11-00A0C91BC942}") = "dflandscape", "dflandscape.vcxproj", "{8A9C4924-F06F-391F-B9DA-105FB388F9F4}"
	ProjectSection(ProjectDependencies) = postProject
		{E909AE7D-41FE-3338-8610-43E5999010B4} = {E909AE7D-41FE-3338-8610-43E5999010B4}
		{127D0B03-A24F-392E-A201-E3F38C22D291} = {127D0B03-A24F-392E-A201-E3F38C22D291}
	EndProjectSection
EndProject
Project("{8BC9CEB8-8B4A-11D0-8D11-00A0C91BC942}") = "dispmap", "dispmap.vcxproj", "{7BBF1809-C5FD-31F6-A45C-1A6E917116C4}"
	ProjectSection(ProjectDependencies) = postProject
		{E909AE7D-41FE-3338-8610-43E5999010B4} = {E909AE7D-41FE-3338-8610-43E5999010B4}
		{127D0B03-A24F-392E-A201-E3F38C22D291} = {127D0B03-A24F-392E-A201-E3F38C22D291}
	EndProjectSection
EndProject
Project("{8BC9CEB8-8B4A-11D0-8D11-00A0C91BC942}") = "dof", "dof.vcxproj", "{7D541997-C0A2-31B1-8BAF-A7772D8EC86F}"
	ProjectSection(ProjectDependencies) = postProject
		{E909AE7D-41FE-3338-8610-43E5999010B4} = {E909AE7D-41FE-3338-8610-43E5999010B4}
		{127D0B03-A24F-392E-A201-E3F38C22D291} = {127D0B03-A24F-392E-A201-E3F38C22D291}
	EndProjectSection
EndProject
Project("{8BC9CEB8-8B4A-11D0-8D11-00A0C91BC942}") = "envmapsphere", "envmapsphere.vcxproj", "{0724E350-05E3-378B-BA4C-6CB62E1B4D63}"
	ProjectSection(ProjectDependencies) = postProject
		{E909AE7D-41FE-3338-8610-43E5999010B4} = {E909AE7D-41FE-3338-8610-43E5999010B4}
		{127D0B03-A24F-392E-A201-E3F38C22D291} = {127D0B03-A24F-392E-A201-E3F38C22D291}
	EndProjectSection
EndProject
Project("{8BC9CEB8-8B4A-11D0-8D11-00A0C91BC942}") = "equirectangular", "equirectangular.vcxproj", "{377DEE41-8709-38E3-9B72-1E92A200C958}"
	ProjectSection(ProjectDependencies) = postProject
		{E909AE7D-41FE-3338-8610-43E5999010B4} = {E909AE7D-41FE-3338-8610-43E5999010B4}
		{127D0B03-A24F-392E-A201-E3F38C22D291} = {127D0B03-A24F-392E-A201-E3F38C22D291}
	EndProjectSection
EndProject
Project("{8BC9CEB8-8B4A-11D0-8D11-00A0C91BC942}") = "fontdemo", "fontdemo.vcxproj", "{BD9FA1DC-2549-3D96-84C1-4B508D6A29BF}"
	ProjectSection(ProjectDependencies) = postProject
		{E909AE7D-41FE-3338-8610-43E5999010B4} = {E909AE7D-41FE-3338-8610-43E5999010B4}
		{127D0B03-A24F-392E-A201-E3F38C22D291} = {127D0B03-A24F-392E-A201-E3F38C22D291}
	EndProjectSection
EndProject
Project("{8BC9CEB8-8B4A-11D0-8D11-00A0C91BC942}") = "fragcolorfrompos", "fragcolorfrompos.vcxproj", "{3C6DD498-A733-33E8-9D40-32E1F87221CC}"
	ProjectSection(ProjectDependencies) = postProject
		{E909AE7D-41FE-3338-8610-43E5999010B4} = {E909AE7D-41FE-3338-8610-43E5999010B4}
		{127D0B03-A24F-392E-A201-E3F38C22D291} = {127D0B03-A24F-392E-A201-E3F38C22D291}
	EndProjectSection
EndProject
Project("{8BC9CEB8-8B4A-11D0-8D11-00A0C91BC942}") = "fragmentlist", "fragmentlist.vcxproj", "{6ABEC4BE-AF0A-3216-944F-299B14876B7D}"
	ProjectSection(ProjectDependencies) = postProject
		{E909AE7D-41FE-3338-8610-43E5999010B4} = {E909AE7D-41FE-3338-8610-43E5999010B4}
		{127D0B03-A24F-392E-A201-E3F38C22D291} = {127D0B03-A24F-392E-A201-E3F38C22D291}
	EndProjectSection
EndProject
Project("{8BC9CEB8-8B4A-11D0-8D11-00A0C91BC942}") = "grass", "grass.vcxproj", "{2A1B8546-51F2-3CF8-A43D-4A8D9157A5AF}"
	ProjectSection(ProjectDependencies) = postProject
		{E909AE7D-41FE-3338-8610-43E5999010B4} = {E909AE7D-41FE-3338-8610-43E5999010B4}
		{127D0B03-A24F-392E-A201-E3F38C22D291} = {127D0B03-A24F-392E-A201-E3F38C22D291}
	EndProjectSection
EndProject
Project("{8BC9CEB8-8B4A-11D0-8D11-00A0C91BC942}") = "gsculling", "gsculling.vcxproj", "{34B4C2DA-459F-3FA1-945F-82C8C6DF3AD0}"
	ProjectSection(ProjectDependencies) = postProject
		{E909AE7D-41FE-3338-8610-43E5999010B4} = {E909AE7D-41FE-3338-8610-43E5999010B4}
		{127D0B03-A24F-392E-A201-E3F38C22D291} = {127D0B03-A24F-392E-A201-E3F38C22D291}
	EndProjectSection
EndProject
Project("{8BC9CEB8-8B4A-11D0-8D11-00A0C91BC942}") = "gslayered", "gslayered.vcxproj", "{29E119DE-D15F-3638-8A22-B315E4A0F470}"
	ProjectSection(ProjectDependencies) = postProject
		{E909AE7D-41FE-3338-8610-43E5999010B4} = {E909AE7D-41FE-3338-8610-43E5999010B4}
		{127D0B03-A24F-392E-A201-E3F38C22D291} = {127D0B03-A24F-392E-A201-E3F38C22D291}
	EndProjectSection
EndProject
Project("{8BC9CEB8-8B4A-11D0-8D11-00A0C91BC942}") = "gsquads", "gsquads.vcxproj", "{1D79A6B2-4835-3C33-86E1-E8B0F174907B}"
	ProjectSection(ProjectDependencies) = postProject
		{E909AE7D-41FE-3338-8610-43E5999010B4} = {E909AE7D-41FE-3338-8610-43E5999010B4}
		{127D0B03-A24F-392E-A201-E3F38C22D291} = {127D0B03-A24F-392E-A201-E3F38C22D291}
	EndProjectSection
EndProject
Project("{8BC9CEB8-8B4A-11D0-8D11-00A0C91BC942}") = "gstessellate", "gstessellate.vcxproj", "{1BB02D56-23E8-3AE8-BF89-4964BFBE326D}"
	ProjectSection(ProjectDependencies) = postProject
		{E909AE7D-41FE-3338-8610-43E5999010B4} = {E909AE7D-41FE-3338-8610-43E5999010B4}
		{127D0B03-A24F-392E-A201-E3F38C22D291} = {127D0B03-A24F-392E-A201-E3F38C22D291}
	EndProjectSection
EndProject
Project("{8BC9CEB8-8B4A-11D0-8D11-00A0C91BC942}") = "hdrbloom", "hdrbloom.vcxproj", "{810F51BF-6B55-3B96-87AC-B5341D431683}"
	ProjectSection(ProjectDependencies) = postProject
		{E909AE7D-41FE-3338-8610-43E5999010B4} = {E909AE7D-41FE-3338-8610-43E5999010B4}
		{127D0B03-A24F-392E-A201-E3F38C22D291} = {127D0B03-A24F-392E-A201-E3F38C22D291}
	EndProjectSection
EndProject
Project("{8BC9CEB8-8B4A-11D0-8D11-00A0C91BC942}") = "hdrexposure", "hdrexposure.vcxproj", "{ECDDD84D-9806-3FC7-BBD0-3A1D54D8A633}"
	ProjectSection(ProjectDependencies) = postProject
		{E909AE7D-41FE-3338-8610-43E5999010B4} = {E909AE7D-41FE-3338-8610-43E5999010B4}
		{127D0B03-A24F-392E-A201-E3F38C22D291} = {127D0B03-A24F-392E-A201-E3F38C22D291}
	EndProjectSection
EndProject
Project("{8BC9CEB8-8B4A-11D0-8D11-00A0C91BC942}") = "hdrtonemap", "hdrtonemap.vcxproj", "{0C93F614-F15C-3662-9E1A-35991C23076E}"
	ProjectSection(ProjectDependencies) = postProject
		{E909AE7D-41FE-3338-8610-43E5999010B4} = {E909AE7D-41FE-3338-8610-43E5999010B4}
		{127D0B03-A24F-392E-A201-E3F38C22D291} = {127D0B03-A24F-392E-A201-E3F38C22D291}
	EndProjectSection
EndProject
Project("{8BC9CEB8-8B4A-11D0-8D11-00A0C91BC942}") = "hqfilter", "hqfilter.vcxproj", "{41AE8CEC-24E1-3C78-8812-6DD2D91563E4}"
	ProjectSection(ProjectDependencies) = postProject
		{E909AE7D-41FE-3338-8610-43E5999010B4} = {E909AE7D-41FE-3338-8610-43E5999010B4}
		{127D0B03-A24F-392E-A201-E3F38C22D291} = {127D0B03-A24F-392E-A201-E3F38C22D291}
	EndProjectSection
EndProject
Project("{8BC9CEB8-8B4A-11D0-8D11-00A0C91BC942}") = "indexedcube", "indexedcube.vcxproj", "{603C0B69-FDB8-30A5-A241-72E228EC55F0}"
	ProjectSection(ProjectDependencies) = postProject
		{E909AE7D-41FE-3338-8610-43E5999010B4} = {E909AE7D-41FE-3338-8610-43E5999010B4}
		{127D0B03-A24F-392E-A201-E3F38C22D291} = {127D0B03-A24F-392E-A201-E3F38C22D291}
	EndProjectSection
EndProject
Project("{8BC9CEB8-8B4A-11D0-8D11-00A0C91BC942}") = "indirectmaterial", "indirectmaterial.vcxproj", "{0D4C3480-523A-3584-93C1-AE3D71AD8284}"
	ProjectSection(ProjectDependencies) = postProject
		{E909AE7D-41FE-3338-8610-43E5999010B4} = {E909AE7D-41FE-3338-8610-43E5999010B4}
		{127D0B03-A24F-392E-A201-E3F38C22D291} = {127D0B03-A24F-392E-A201-E3F38C22D291}
	EndProjectSection
EndProject
Project("{8BC9CEB8-8B4A-11D0-8D11-00A0C91BC942}") = "instancedattribs", "instancedattribs.vcxproj", "{697984E3-23A1-3C26-9665-2FBBB0A89B0D}"
	ProjectSection(ProjectDependencies) = postProject
		{E909AE7D-41FE-3338-8610-43E5999010B4} = {E909AE7D-41FE-3338-8610-43E5999010B4}
		{127D0B03-A24F-392E-A201-E3F38C22D291} = {127D0B03-A24F-392E-A201-E3F38C22D291}
	EndProjectSection
EndProject
Project("{8BC9CEB8-8B4A-11D0-8D11-00A0C91BC942}") = "julia", "julia.vcxproj", "{E41E860B-CA8D-371C-982C-2BDE636E9F02}"
	ProjectSection(ProjectDependencies) = postProject
		{E909AE7D-41FE-3338-8610-43E5999010B4} = {E909AE7D-41FE-3338-8610-43E5999010B4}
		{127D0B03-A24F-392E-A201-E3F38C22D291} = {127D0B03-A24F-392E-A201-E3F38C22D291}
	EndProjectSection
EndProject
Project("{8BC9CEB8-8B4A-11D0-8D11-00A0C91BC942}") = "ktxview", "ktxview.vcxproj", "{A342824D-2ED7-3BEA-8A0A-F707323A3AD8}"
	ProjectSection(ProjectDependencies) = postProject
		{E909AE7D-41FE-3338-8610-43E5999010B4} = {E909AE7D-41FE-3338-8610-43E5999010B4}
		{127D0B03-A24F-392E-A201-E3F38C22D291} = {127D0B03-A24F-392E-A201-E3F38C22D291}
	EndProjectSection
EndProject
Project("{8BC9CEB8-8B4A-11D0-8D11-00A0C91BC942}") = "linesmooth", "linesmooth.vcxproj", "{97483F62-9450-3D1C-9C2A-FB12239AE966}"
	ProjectSection(ProjectDependencies) = postProject
		{E909AE7D-41FE-3338-8610-43E5999010B4} = {E909AE7D-41FE-3338-8610-43E5999010B4}
		{127D0B03-A24F-392E-A201-E3F38C22D291} = {127D0B03-A24F-392E-A201-E3F38C22D291}
	EndProjectSection
EndProject
Project("{8BC9CEB8-8B4A-11D0-8D11-00A0C91BC942}") = "mirrorclampedge", "mirrorclampedge.vcxproj", "{DDFECCEA-72A2-3E2F-A5BE-E3BD5FD1DC85}"
	ProjectSection(ProjectDependencies) = postProject
		{E909AE7D-41FE-3338-8610-43E5999010B4} = {E909AE7D-41FE-3338-8610-43E5999010B4}
		{127D0B03-A24F-392E-A201-E3F38C22D291} = {127D0B03-A24F-392E-A201-E3F38C22D291}
	EndProjectSection
EndProject
Project("{8BC9CEB8-8B4A-11D0-8D11-00A0C91BC942}") = "movingtri", "movingtri.vcxproj", "{A3F347A2-B364-3512-A311-A32BCF25D06E}"
	ProjectSection(ProjectDependencies) = postProject
		{E909AE7D-41FE-3338-8610-43E5999010B4} = {E909AE7D-41FE-3338-8610-43E5999010B4}
		{127D0B03-A24F-392E-A201-E3F38C22D291} = {127D0B03-A24F-392E-A201-E3F38C22D291}
	EndProjectSection
EndProject
Project("{8BC9CEB8-8B4A-11D0-8D11-00A0C91BC942}") = "msaanative", "msaanative.vcxproj", "{A08954F4-AA77-340A-856D-F8F5E4446D02}"
	ProjectSection(ProjectDependencies) = postProject
		{E909AE7D-41FE-3338-8610-43E5999010B4} = {E909AE7D-41FE-3338-8610-43E5999010B4}
		{127D0B03-A24F-392E-A201-E3F38C22D291} = {127D0B03-A24F-392E-A201-E3F38C22D291}
	EndProjectSection
EndProject
Project("{8BC9CEB8-8B4A-11D0-8D11-00A0C91BC942}") = "multidrawindirect", "multidrawindirect.vcxproj", "{DD2D60FA-8E33-34F3-BBBB-0726A7B79BDF}"
	ProjectSection(ProjectDependencies) = postProject
		{E909AE7D-41FE-3338-8610-43E5999010B4} = {E909AE7D-41FE-3338-8610-43E5999010B4}
		{127D0B03-A24F-392E-A201-E3F38C22D291} = {127D0B03-A24F-392E-A201-E3F38C22D291}
	EndProjectSection
EndProject
Project("{8BC9CEB8-8B4A-11D0-8D11-00A0C91BC942}") = "multiscissor", "multiscissor.vcxproj", "{4C8A4D0C-9C05-3355-9521-E3FFE0E81432}"
	ProjectSection(ProjectDependencies) = postProject
		{E909AE7D-41FE-3338-8610-43E5999010B4} = {E909AE7D-41FE-3338-8610-43E5999010B4}
		{127D0B03-A24F-392E-A201-E3F38C22D291} = {127D0B03-A24F-392E-A201-E3F38C22D291}
	EndProjectSection
EndProject
Project("{8BC9CEB8-8B4A-11D0-8D11-00A0C91BC942}") = "multiviewport", "multiviewport.vcxproj", "{796C6C3C-BA6E-3462-AE6A-282FD533101E}"
	ProjectSection(ProjectDependencies) = postProject
		{E909AE7D-41FE-3338-8610-43E5999010B4} = {E909AE7D-41FE-3338-8610-43E5999010B4}
		{127D0B03-A24F-392E-A201-E3F38C22D291} = {127D0B03-A24F-392E-A201-E3F38C22D291}
	EndProjectSection
EndProject
Project("{8BC9CEB8-8B4A-11D0-8D11-00A0C91BC942}") = "noperspective", "noperspective.vcxproj", "{288D0D29-B9FE-338A-BC70-1C3182F0AE2E}"
	ProjectSection(ProjectDependencies) = postProject
		{E909AE7D-41FE-3338-8610-43E5999010B4} = {E909AE7D-41FE-3338-8610-43E5999010B4}
		{127D0B03-A24F-392E-A201-E3F38C22D291} = {127D0B03-A24F-392E-A201-E3F38C22D291}
	EndProjectSection
EndProject
Project("{8BC9CEB8-8B4A-11D0-8D11-00A0C91BC942}") = "normalviewer", "normalviewer.vcxproj", "{D2D9A48A-1E9D-3413-BC18-0BB4E9D2F8EF}"
	ProjectSection(ProjectDependencies) = postProject
		{E909AE7D-41FE-3338-8610-43E5999010B4} = {E909AE7D-41FE-3338-8610-43E5999010B4}
		{127D0B03-A24F-392E-A201-E3F38C22D291} = {127D0B03-A24F-392E-A201-E3F38C22D291}
	EndProjectSection
EndProject
Project("{8BC9CEB8-8B4A-11D0-8D11-00A0C91BC942}") = "objectexploder", "objectexploder.vcxproj", "{37AD517F-40CC-318F-AEF2-DBCEFD64C038}"
	ProjectSection(ProjectDependencies) = postProject
		{E909AE7D-41FE-3338-8610-43E5999010B4} = {E909AE7D-41FE-3338-8610-43E5999010B4}
		{127D0B03-A24F-392E-A201-E3F38C22D291} = {127D0B03-A24F-392E-A201-E3F38C22D291}
	EndProjectSection
EndProject
Project("{8BC9CEB8-8B4A-11D0-8D11-00A0C91BC942}") = "ompparticles", "ompparticles.vcxproj", "{2AA95958-A0AC-354B-B080-D1A33A8E2DDC}"
	ProjectSection(ProjectDependencies) = postProject
		{E909AE7D-41FE-3338-8610-43E5999010B4} = {E909AE7D-41FE-3338-8610-43E5999010B4}
		{127D0B03-A24F-392E-A201-E3F38C22D291} = {127D0B03-A24F-392E-A201-E3F38C22D291}
	EndProjectSection
EndProject
Project("{8BC9CEB8-8B4A-11D0-8D11-00A0C91BC942}") = "packetbuffer", "packetbuffer.vcxproj", "{ED4E968E-EDBC-313F-B833-84EF8C79B4F7}"
	ProjectSection(ProjectDependencies) = postProject
		{E909AE7D-41FE-3338-8610-43E5999010B4} = {E909AE7D-41FE-3338-8610-43E5999010B4}
		{127D0B03-A24F-392E-A201-E3F38C22D291} = {127D0B03-A24F-392E-A201-E3F38C22D291}
	EndProjectSection
EndProject
Project("{8BC9CEB8-8B4A-11D0-8D11-00A0C91BC942}") = "perpixelgloss", "perpixelgloss.vcxproj", "{8E720C4D-F856-3AB7-B929-0DCD66DC7217}"
	ProjectSection(ProjectDependencies) = postProject
		{E909AE7D-41FE-3338-8610-43E5999010B4} = {E909AE7D-41FE-3338-8610-43E5999010B4}
		{127D0B03-A24F-392E-A201-E3F38C22D291} = {127D0B03-A24F-392E-A201-E3F38C22D291}
	EndProjectSection
EndProject
Project("{8BC9CEB8-8B4A-11D0-8D11-00A0C91BC942}") = "phonglighting", "phonglighting.vcxproj", "{10568579-3C6B-3960-95A2-0AF91A06D2D6}"
	ProjectSection(ProjectDependencies) = postProject
		{E909AE7D-41FE-3338-8610-43E5999010B4} = {E909AE7D-41FE-3338-8610-43E5999010B4}
		{127D0B03-A24F-392E-A201-E3F38C22D291} = {127D0B03-A24F-392E-A201-E3F38C22D291}
	EndProjectSection
EndProject
Project("{8BC9CEB8-8B4A-11D0-8D11-00A0C91BC942}") = "pmbfractal", "pmbfractal.vcxproj", "{DCDF0C9F-D2E2-336D-A77D-7D7407E5832D}"
	ProjectSection(ProjectDependencies) = postProject
		{E909AE7D-41FE-3338-8610-43E5999010B4} = {E909AE7D-41FE-3338-8610-43E5999010B4}
		{127D0B03-A24F-392E-A201-E3F38C22D291} = {127D0B03-A24F-392E-A201-E3F38C22D291}
	EndProjectSection
EndProject
Project("{8BC9CEB8-8B4A-11D0-8D11-00A0C91BC942}") = "pmbstreaming", "pmbstreaming.vcxproj", "{209C20B8-5D76-3835-8D08-7706D796B60C}"
	ProjectSection(ProjectDependencies) = postProject
		{E909AE7D-41FE-3338-8610-43E5999010B4} = {E909AE7D-41FE-3338-8610-43E5999010B4}
		{127D0B03-A24F-392E-A201-E3F38C22D291} = {127D0B03-A24F-392E-A201-E3F38C22D291}
	EndProjectSection
EndProject
Project("{8BC9CEB8-8B4A-11D0-8D11-00A0C91BC942}") = "polygonsmooth", "polygonsmooth.vcxproj", "{BBE410DB-48D8-3145-A986-EFBA8605DE6E}"
	ProjectSection(ProjectDependencies) = postProject
		{E909AE7D-41FE-3338-8610-43E5999010B4} = {E909AE7D-41FE-3338-8610-43E5999010B4}
		{127D0B03-A24F-392E-A201-E3F38C22D291} = {127D0B03-A24F-392E-A201-E3F38C22D291}
	EndProjectSection
EndProject
Project("{8BC9CEB8-8B4A-11D0-8D11-00A0C91BC942}") = "prefixsum", "prefixsum.vcxproj", "{F52F0213-AFBE-32A4-ACD0-858FB67E5198}"
	ProjectSection(ProjectDependencies) = postProject
		{E909AE7D-41FE-3338-8610-43E5999010B4} = {E909AE7D-41FE-3338-8610-43E5999010B4}
		{127D0B03-A24F-392E-A201-E3F38C22D291} = {127D0B03-A24F-392E-A201-E3F38C22D291}
	EndProjectSection
EndProject
Project("{8BC9CEB8-8B4A-11D0-8D11-00A0C91BC942}") = "prefixsum2d", "prefixsum2d.vcxproj", "{29BBB1ED-3896-3117-9608-6D5005B61A00}"
	ProjectSection(ProjectDependencies) = postProject
		{E909AE7D-41FE-3338-8610-43E5999010B4} = {E909AE7D-41FE-3338-8610-43E5999010B4}
		{127D0B03-A24F-392E-A201-E3F38C22D291} = {127D0B03-A24F-392E-A201-E3F38C22D291}
	EndProjectSection
EndProject
Project("{8BC9CEB8-8B4A-11D0-8D11-00A0C91BC942}") = "programinfo", "programinfo.vcxproj", "{EF81FAE4-C6A4-32C5-B211-6C639D7B7F48}"
	ProjectSection(ProjectDependencies) = postProject
		{E909AE7D-41FE-3338-8610-43E5999010B4} = {E909AE7D-41FE-3338-8610-43E5999010B4}
		{127D0B03-A24F-392E-A201-E3F38C22D291} = {127D0B03-A24F-392E-A201-E3F38C22D291}
	EndProjectSection
EndProject
Project("{8BC9CEB8-8B4A-11D0-8D11-00A0C91BC942}") = "raytracer", "raytracer.vcxproj", "{891C6E5C-A1E1-32F1-B48E-FF23B46879C9}"
	ProjectSection(ProjectDependencies) = postProject
		{E909AE7D-41FE-3338-8610-43E5999010B4} = {E909AE7D-41FE-3338-8610-43E5999010B4}
		{127D0B03-A24F-392E-A201-E3F38C22D291} = {127D0B03-A24F-392E-A201-E3F38C22D291}
	EndProjectSection
EndProject
Project("{8BC9CEB8-8B4A-11D0-8D11-00A0C91BC942}") = "release", "release.vcxproj", "{F7EAEBCC-0577-3E32-8F91-D65877C85A4E}"
	ProjectSection(ProjectDependencies) = postProject
		{E909AE7D-41FE-3338-8610-43E5999010B4} = {E909AE7D-41FE-3338-8610-43E5999010B4}
	EndProjectSection
EndProject
Project("{8BC9CEB8-8B4A-11D0-8D11-00A0C91BC942}") = "rimlight", "rimlight.vcxproj", "{85C3C257-0CA4-3545-B7B4-CBDBBA3E3B2C}"
	ProjectSection(ProjectDependencies) = postProject
		{E909AE7D-41FE-3338-8610-43E5999010B4} = {E909AE7D-41FE-3338-8610-43E5999010B4}
		{127D0B03-A24F-392E-A201-E3F38C22D291} = {127D0B03-A24F-392E-A201-E3F38C22D291}
	EndProjectSection
EndProject
Project("{8BC9CEB8-8B4A-11D0-8D11-00A0C91BC942}") = "sampleshading", "sampleshading.vcxproj", "{A3A04803-22EA-3BD7-9CFE-9408E467D0B2}"
	ProjectSection(ProjectDependencies) = postProject
		{E909AE7D-41FE-3338-8610-43E5999010B4} = {E909AE7D-41FE-3338-8610-43E5999010B4}
		{127D0B03-A24F-392E-A201-E3F38C22D291} = {127D0B03-A24F-392E-A201-E3F38C22D291}
	EndProjectSection
EndProject
Project("{8BC9CEB8-8B4A-11D0-8D11-00A0C91BC942}") = "sb7", "sb7.vcxproj", "{127D0B03-A24F-392E-A201-E3F38C22D291}"
	ProjectSection(ProjectDependencies) = postProject
		{E909AE7D-41FE-3338-8610-43E5999010B4} = {E909AE7D-41FE-3338-8610-43E5999010B4}
	EndProjectSection
EndProject
Project("{8BC9CEB8-8B4A-11D0-8D11-00A0C91BC942}") = "sdfdemo", "sdfdemo.vcxproj", "{49E94FF4-02B2-351A-B22D-0F69F7AD4986}"
	ProjectSection(ProjectDependencies) = postProject
		{E909AE7D-41FE-3338-8610-43E5999010B4} = {E909AE7D-41FE-3338-8610-43E5999010B4}
		{127D0B03-A24F-392E-A201-E3F38C22D291} = {127D0B03-A24F-392E-A201-E3F38C22D291}
	EndProjectSection
EndProject
Project("{8BC9CEB8-8B4A-11D0-8D11-00A0C91BC942}") = "shadowmapping", "shadowmapping.vcxproj", "{9796E99F-9D3B-3F26-BD03-8A811887CAEA}"
	ProjectSection(ProjectDependencies) = postProject
		{E909AE7D-41FE-3338-8610-43E5999010B4} = {E909AE7D-41FE-3338-8610-43E5999010B4}
		{127D0B03-A24F-392E-A201-E3F38C22D291} = {127D0B03-A24F-392E-A201-E3F38C22D291}
	EndProjectSection
EndProject
Project("{8BC9CEB8-8B4A-11D0-8D11-00A0C91BC942}") = "shapedpoints", "shapedpoints.vcxproj", "{F19D306C-64FF-3CDB-A6A4-E6E4AE5C61E6}"
	ProjectSection(ProjectDependencies) = postProject
		{E909AE7D-41FE-3338-8610-43E5999010B4} = {E909AE7D-41FE-3338-8610-43E5999010B4}
		{127D0B03-A24F-392E-A201-E3F38C22D291} = {127D0B03-A24F-392E-A201-E3F38C22D291}
	EndProjectSection
EndProject
Project("{8BC9CEB8-8B4A-11D0-8D11-00A0C91BC942}") = "simpleclear", "simpleclear.vcxproj", "{287B1344-FE50-3F78-80F0-E4FB7BEDA0E2}"
	ProjectSection(ProjectDependencies) = postProject
		{E909AE7D-41FE-3338-8610-43E5999010B4} = {E909AE7D-41FE-3338-8610-43E5999010B4}
		{127D0B03-A24F-392E-A201-E3F38C22D291} = {127D0B03-A24F-392E-A201-E3F38C22D291}
	EndProjectSection
EndProject
Project("{8BC9CEB8-8B4A-11D0-8D11-00A0C91BC942}") = "simpletexcoords", "simpletexcoords.vcxproj", "{309B5DAC-8E9B-39E8-8E53-E805CA31319B}"
	ProjectSection(ProjectDependencies) = postProject
		{E909AE7D-41FE-3338-8610-43E5999010B4} = {E909AE7D-41FE-3338-8610-43E5999010B4}
		{127D0B03-A24F-392E-A201-E3F38C22D291} = {127D0B03-A24F-392E-A201-E3F38C22D291}
	EndProjectSection
EndProject
Project("{8BC9CEB8-8B4A-11D0-8D11-00A0C91BC942}") = "simpletexture", "simpletexture.vcxproj", "{A1319D01-5BF9-33B6-83F3-94ABC19B1EEE}"
	ProjectSection(ProjectDependencies) = postProject
		{E909AE7D-41FE-3338-8610-43E5999010B4} = {E909AE7D-41FE-3338-8610-43E5999010B4}
		{127D0B03-A24F-392E-A201-E3F38C22D291} = {127D0B03-A24F-392E-A201-E3F38C22D291}
	EndProjectSection
EndProject
Project("{8BC9CEB8-8B4A-11D0-8D11-00A0C91BC942}") = "singlepoint", "singlepoint.vcxproj", "{C74CAEB6-EE82-3070-8A77-20C4A643C49E}"
	ProjectSection(ProjectDependencies) = postProject
		{E909AE7D-41FE-3338-8610-43E5999010B4} = {E909AE7D-41FE-3338-8610-43E5999010B4}
		{127D0B03-A24F-392E-A201-E3F38C22D291} = {127D0B03-A24F-392E-A201-E3F38C22D291}
	EndProjectSection
EndProject
Project("{8BC9CEB8-8B4A-11D0-8D11-00A0C91BC942}") = "singletri", "singletri.vcxproj", "{0AC6D3C1-B5B4-3464-929D-0E0F732C4C08}"
	ProjectSection(ProjectDependencies) = postProject
		{E909AE7D-41FE-3338-8610-43E5999010B4} = {E909AE7D-41FE-3338-8610-43E5999010B4}
		{127D0B03-A24F-392E-A201-E3F38C22D291} = {127D0B03-A24F-392E-A201-E3F38C22D291}
	EndProjectSection
EndProject
Project("{8BC9CEB8-8B4A-11D0-8D11-00A0C91BC942}") = "sparsetexture", "sparsetexture.vcxproj", "{9BD2F873-810D-3A93-854B-821CEE35B770}"
	ProjectSection(ProjectDependencies) = postProject
		{E909AE7D-41FE-3338-8610-43E5999010B4} = {E909AE7D-41FE-3338-8610-43E5999010B4}
		{127D0B03-A24F-392E-A201-E3F38C22D291} = {127D0B03-A24F-392E-A201-E3F38C22D291}
	EndProjectSection
EndProject
Project("{8BC9CEB8-8B4A-11D0-8D11-00A0C91BC942}") = "spinnycube", "spinnycube.vcxproj", "{8425348E-5D88-3E2A-BA01-E5C9D01F9802}"
	ProjectSection(ProjectDependencies) = postProject
		{E909AE7D-41FE-3338-8610-43E5999010B4} = {E909AE7D-41FE-3338-8610-43E5999010B4}
		{127D0B03-A24F-392E-A201-E3F38C22D291} = {127D0B03-A24F-392E-A201-E3F38C22D291}
	EndProjectSection
EndProject
Project("{8BC9CEB8-8B4A-11D0-8D11-00A0C91BC942}") = "springmass", "springmass.vcxproj", "{30E55CC8-5BD4-3221-ACC1-4DFC7E417A4D}"
	ProjectSection(ProjectDependencies) = postProject
		{E909AE7D-41FE-3338-8610-43E5999010B4} = {E909AE7D-41FE-3338-8610-43E5999010B4}
		{127D0B03-A24F-392E-A201-E3F38C22D291} = {127D0B03-A24F-392E-A201-E3F38C22D291}
	EndProjectSection
EndProject
Project("{8BC9CEB8-8B4A-11D0-8D11-00A0C91BC942}") = "ssao", "ssao.vcxproj", "{45BDDDDB-3D3A-3579-8EAA-A68CAA58FF2C}"
	ProjectSection(ProjectDependencies) = postProject
		{E909AE7D-41FE-3338-8610-43E5999010B4} = {E909AE7D-41FE-3338-8610-43E5999010B4}
		{127D0B03-A24F-392E-A201-E3F38C22D291} = {127D0B03-A24F-392E-A201-E3F38C22D291}
	EndProjectSection
EndProject
Project("{8BC9CEB8-8B4A-11D0-8D11-00A0C91BC942}") = "starfield", "starfield.vcxproj", "{90CD75E7-1CB0-3235-8CCD-F2DE59EA8F01}"
	ProjectSection(ProjectDependencies) = postProject
		{E909AE7D-41FE-3338-8610-43E5999010B4} = {E909AE7D-41FE-3338-8610-43E5999010B4}
		{127D0B03-A24F-392E-A201-E3F38C22D291} = {127D0B03-A24F-392E-A201-E3F38C22D291}
	EndProjectSection
EndProject
Project("{8BC9CEB8-8B4A-11D0-8D11-00A0C91BC942}") = "stereo", "stereo.vcxproj", "{064FE91E-FD06-36F8-AE5C-C5A16B9FE5C9}"
	ProjectSection(ProjectDependencies) = postProject
		{E909AE7D-41FE-3338-8610-43E5999010B4} = {E909AE7D-41FE-3338-8610-43E5999010B4}
		{127D0B03-A24F-392E-A201-E3F38C22D291} = {127D0B03-A24F-392E-A201-E3F38C22D291}
	EndProjectSection
EndProject
Project("{8BC9CEB8-8B4A-11D0-8D11-00A0C91BC942}") = "subroutines", "subroutines.vcxproj", "{629E70AD-E6D2-3253-817F-5DF13E565D51}"
	ProjectSection(ProjectDependencies) = postProject
		{E909AE7D-41FE-3338-8610-43E5999010B4} = {E909AE7D-41FE-3338-8610-43E5999010B4}
		{127D0B03-A24F-392E-A201-E3F38C22D291} = {127D0B03-A24F-392E-A201-E3F38C22D291}
	EndProjectSection
EndProject
Project("{8BC9CEB8-8B4A-11D0-8D11-00A0C91BC942}") = "tessellatedcube", "tessellatedcube.vcxproj", "{9823AE48-0387-3045-8FF6-1495DB750B8F}"
	ProjectSection(ProjectDependencies) = postProject
		{E909AE7D-41FE-3338-8610-43E5999010B4} = {E909AE7D-41FE-3338-8610-43E5999010B4}
		{127D0B03-A24F-392E-A201-E3F38C22D291} = {127D0B03-A24F-392E-A201-E3F38C22D291}
	EndProjectSection
EndProject
Project("{8BC9CEB8-8B4A-11D0-8D11-00A0C91BC942}") = "tessellatedgstri", "tessellatedgstri.vcxproj", "{6B8580DB-4676-3171-B057-0D26BC6E45E5}"
	ProjectSection(ProjectDependencies) = postProject
		{E909AE7D-41FE-3338-8610-43E5999010B4} = {E909AE7D-41FE-3338-8610-43E5999010B4}
		{127D0B03-A24F-392E-A201-E3F38C22D291} = {127D0B03-A24F-392E-A201-E3F38C22D291}
	EndProjectSection
EndProject
Project("{8BC9CEB8-8B4A-11D0-8D11-00A0C91BC942}") = "tessellatedtri", "tessellatedtri.vcxproj", "{B2431B30-65EE-366A-85FA-E3000C238C88}"
	ProjectSection(ProjectDependencies) = postProject
		{E909AE7D-41FE-3338-8610-43E5999010B4} = {E909AE7D-41FE-3338-8610-43E5999010B4}
		{127D0B03-A24F-392E-A201-E3F38C22D291} = {127D0B03-A24F-392E-A201-E3F38C22D291}
	EndProjectSection
EndProject
Project("{8BC9CEB8-8B4A-11D0-8D11-00A0C91BC942}") = "tessmodes", "tessmodes.vcxproj", "{2C75FB9F-365E-3D98-85CB-F523DC37ED46}"
	ProjectSection(ProjectDependencies) = postProject
		{E909AE7D-41FE-3338-8610-43E5999010B4} = {E909AE7D-41FE-3338-8610-43E5999010B4}
		{127D0B03-A24F-392E-A201-E3F38C22D291} = {127D0B03-A24F-392E-A201-E3F38C22D291}
	EndProjectSection
EndProject
Project("{8BC9CEB8-8B4A-11D0-8D11-00A0C91BC942}") = "tesssubdivmodes", "tesssubdivmodes.vcxproj", "{03120A04-FAC5-3E2E-83ED-60FD3A6DF0AD}"
	ProjectSection(ProjectDependencies) = postProject
		{E909AE7D-41FE-3338-8610-43E5999010B4} = {E909AE7D-41FE-3338-8610-43E5999010B4}
		{127D0B03-A24F-392E-A201-E3F38C22D291} = {127D0B03-A24F-392E-A201-E3F38C22D291}
	EndProjectSection
EndProject
Project("{8BC9CEB8-8B4A-11D0-8D11-00A0C91BC942}") = "toonshading", "toonshading.vcxproj", "{2B129929-5D8D-3D2E-8523-FFD39A5C620D}"
	ProjectSection(ProjectDependencies) = postProject
		{E909AE7D-41FE-3338-8610-43E5999010B4} = {E909AE7D-41FE-3338-8610-43E5999010B4}
		{127D0B03-A24F-392E-A201-E3F38C22D291} = {127D0B03-A24F-392E-A201-E3F38C22D291}
	EndProjectSection
EndProject
Project("{8BC9CEB8-8B4A-11D0-8D11-00A0C91BC942}") = "tunnel", "tunnel.vcxproj", "{AA225FA0-2F9B-3D44-9921-2B2B3C7B3121}"
	ProjectSection(ProjectDependencies) = postProject
		{E909AE7D-41FE-3338-8610-43E5999010B4} = {E909AE7D-41FE-3338-8610-43E5999010B4}
		{127D0B03-A24F-392E-A201-E3F38C22D291} = {127D0B03-A24F-392E-A201-E3F38C22D291}
	EndProjectSection
EndProject
Project("{8BC9CEB8-8B4A-11D0-8D11-00A0C91BC942}") = "wrapmodes", "wrapmodes.vcxproj", "{B38A4F7E-F850-3AC6-8F97-F6660A4B7AE7}"
	ProjectSection(ProjectDependencies) = postProject
		{E909AE7D-41FE-3338-8610-43E5999010B4} = {E909AE7D-41FE-3338-8610-43E5999010B4}
		{127D0B03-A24F-392E-A201-E3F38C22D291} = {127D0B03-A24F-392E-A201-E3F38C22D291}
	EndProjectSection
EndProject
Global
	GlobalSection(SolutionConfigurationPlatforms) = preSolution
		Debug|Win32 = Debug|Win32
		Release|Win32 = Release|Win32
		MinSizeRel|Win32 = MinSizeRel|Win32
		RelWithDebInfo|Win32 = RelWithDebInfo|Win32
	EndGlobalSection
	GlobalSection(ProjectConfigurationPlatforms) = postSolution
		{2F8189DB-9653-32BE-9A22-8923E756A36A}.Debug|Win32.ActiveCfg = Debug|Win32
		{2F8189DB-9653-32BE-9A22-8923E756A36A}.Release|Win32.ActiveCfg = Release|Win32
		{2F8189DB-9653-32BE-9A22-8923E756A36A}.MinSizeRel|Win32.ActiveCfg = MinSizeRel|Win32
		{2F8189DB-9653-32BE-9A22-8923E756A36A}.RelWithDebInfo|Win32.ActiveCfg = RelWithDebInfo|Win32
		{E909AE7D-41FE-3338-8610-43E5999010B4}.Debug|Win32.ActiveCfg = Debug|Win32
		{E909AE7D-41FE-3338-8610-43E5999010B4}.Debug|Win32.Build.0 = Debug|Win32
		{E909AE7D-41FE-3338-8610-43E5999010B4}.Release|Win32.ActiveCfg = Release|Win32
		{E909AE7D-41FE-3338-8610-43E5999010B4}.Release|Win32.Build.0 = Release|Win32
		{E909AE7D-41FE-3338-8610-43E5999010B4}.MinSizeRel|Win32.ActiveCfg = MinSizeRel|Win32
		{E909AE7D-41FE-3338-8610-43E5999010B4}.MinSizeRel|Win32.Build.0 = MinSizeRel|Win32
		{E909AE7D-41FE-3338-8610-43E5999010B4}.RelWithDebInfo|Win32.ActiveCfg = RelWithDebInfo|Win32
		{E909AE7D-41FE-3338-8610-43E5999010B4}.RelWithDebInfo|Win32.Build.0 = RelWithDebInfo|Win32
		{C5A2E75C-7680-38EA-BAAA-71B5C5971EBA}.Debug|Win32.ActiveCfg = Debug|Win32
		{C5A2E75C-7680-38EA-BAAA-71B5C5971EBA}.Debug|Win32.Build.0 = Debug|Win32
		{C5A2E75C-7680-38EA-BAAA-71B5C5971EBA}.Release|Win32.ActiveCfg = Release|Win32
		{C5A2E75C-7680-38EA-BAAA-71B5C5971EBA}.Release|Win32.Build.0 = Release|Win32
		{C5A2E75C-7680-38EA-BAAA-71B5C5971EBA}.MinSizeRel|Win32.ActiveCfg = MinSizeRel|Win32
		{C5A2E75C-7680-38EA-BAAA-71B5C5971EBA}.MinSizeRel|Win32.Build.0 = MinSizeRel|Win32
		{C5A2E75C-7680-38EA-BAAA-71B5C5971EBA}.RelWithDebInfo|Win32.ActiveCfg = RelWithDebInfo|Win32
		{C5A2E75C-7680-38EA-BAAA-71B5C5971EBA}.RelWithDebInfo|Win32.Build.0 = RelWithDebInfo|Win32
		{F9E460DE-A54D-3A57-BEA8-57B916F29BFA}.Debug|Win32.ActiveCfg = Debug|Win32
		{F9E460DE-A54D-3A57-BEA8-57B916F29BFA}.Debug|Win32.Build.0 = Debug|Win32
		{F9E460DE-A54D-3A57-BEA8-57B916F29BFA}.Release|Win32.ActiveCfg = Release|Win32
		{F9E460DE-A54D-3A57-BEA8-57B916F29BFA}.Release|Win32.Build.0 = Release|Win32
		{F9E460DE-A54D-3A57-BEA8-57B916F29BFA}.MinSizeRel|Win32.ActiveCfg = MinSizeRel|Win32
		{F9E460DE-A54D-3A57-BEA8-57B916F29BFA}.MinSizeRel|Win32.Build.0 = MinSizeRel|Win32
		{F9E460DE-A54D-3A57-BEA8-57B916F29BFA}.RelWithDebInfo|Win32.ActiveCfg = RelWithDebInfo|Win32
		{F9E460DE-A54D-3A57-BEA8-57B916F29BFA}.RelWithDebInfo|Win32.Build.0 = RelWithDebInfo|Win32
		{FF5C4EE1-7563-3BBB-87BC-C1C08ADEF183}.Debug|Win32.ActiveCfg = Debug|Win32
		{FF5C4EE1-7563-3BBB-87BC-C1C08ADEF183}.Debug|Win32.Build.0 = Debug|Win32
		{FF5C4EE1-7563-3BBB-87BC-C1C08ADEF183}.Release|Win32.ActiveCfg = Release|Win32
		{FF5C4EE1-7563-3BBB-87BC-C1C08ADEF183}.Release|Win32.Build.0 = Release|Win32
		{FF5C4EE1-7563-3BBB-87BC-C1C08ADEF183}.MinSizeRel|Win32.ActiveCfg = MinSizeRel|Win32
		{FF5C4EE1-7563-3BBB-87BC-C1C08ADEF183}.MinSizeRel|Win32.Build.0 = MinSizeRel|Win32
		{FF5C4EE1-7563-3BBB-87BC-C1C08ADEF183}.RelWithDebInfo|Win32.ActiveCfg = RelWithDebInfo|Win32
		{FF5C4EE1-7563-3BBB-87BC-C1C08ADEF183}.RelWithDebInfo|Win32.Build.0 = RelWithDebInfo|Win32
		{03841384-2B55-3A5B-989E-85626DD6F1B5}.Debug|Win32.ActiveCfg = Debug|Win32
		{03841384-2B55-3A5B-989E-85626DD6F1B5}.Debug|Win32.Build.0 = Debug|Win32
		{03841384-2B55-3A5B-989E-85626DD6F1B5}.Release|Win32.ActiveCfg = Release|Win32
		{03841384-2B55-3A5B-989E-85626DD6F1B5}.Release|Win32.Build.0 = Release|Win32
		{03841384-2B55-3A5B-989E-85626DD6F1B5}.MinSizeRel|Win32.ActiveCfg = MinSizeRel|Win32
		{03841384-2B55-3A5B-989E-85626DD6F1B5}.MinSizeRel|Win32.Build.0 = MinSizeRel|Win32
		{03841384-2B55-3A5B-989E-85626DD6F1B5}.RelWithDebInfo|Win32.ActiveCfg = RelWithDebInfo|Win32
		{03841384-2B55-3A5B-989E-85626DD6F1B5}.RelWithDebInfo|Win32.Build.0 = RelWithDebInfo|Win32
		{411DF16C-C232-3E96-933A-0AA8E22A77FA}.Debug|Win32.ActiveCfg = Debug|Win32
		{411DF16C-C232-3E96-933A-0AA8E22A77FA}.Debug|Win32.Build.0 = Debug|Win32
		{411DF16C-C232-3E96-933A-0AA8E22A77FA}.Release|Win32.ActiveCfg = Release|Win32
		{411DF16C-C232-3E96-933A-0AA8E22A77FA}.Release|Win32.Build.0 = Release|Win32
		{411DF16C-C232-3E96-933A-0AA8E22A77FA}.MinSizeRel|Win32.ActiveCfg = MinSizeRel|Win32
		{411DF16C-C232-3E96-933A-0AA8E22A77FA}.MinSizeRel|Win32.Build.0 = MinSizeRel|Win32
		{411DF16C-C232-3E96-933A-0AA8E22A77FA}.RelWithDebInfo|Win32.ActiveCfg = RelWithDebInfo|Win32
		{411DF16C-C232-3E96-933A-0AA8E22A77FA}.RelWithDebInfo|Win32.Build.0 = RelWithDebInfo|Win32
		{646D834E-D849-3D5B-A737-A8BA13151762}.Debug|Win32.ActiveCfg = Debug|Win32
		{646D834E-D849-3D5B-A737-A8BA13151762}.Debug|Win32.Build.0 = Debug|Win32
		{646D834E-D849-3D5B-A737-A8BA13151762}.Release|Win32.ActiveCfg = Release|Win32
		{646D834E-D849-3D5B-A737-A8BA13151762}.Release|Win32.Build.0 = Release|Win32
		{646D834E-D849-3D5B-A737-A8BA13151762}.MinSizeRel|Win32.ActiveCfg = MinSizeRel|Win32
		{646D834E-D849-3D5B-A737-A8BA13151762}.MinSizeRel|Win32.Build.0 = MinSizeRel|Win32
		{646D834E-D849-3D5B-A737-A8BA13151762}.RelWithDebInfo|Win32.ActiveCfg = RelWithDebInfo|Win32
		{646D834E-D849-3D5B-A737-A8BA13151762}.RelWithDebInfo|Win32.Build.0 = RelWithDebInfo|Win32
		{2A0B3FEA-996F-38F0-8E96-96E5CAD7A537}.Debug|Win32.ActiveCfg = Debug|Win32
		{2A0B3FEA-996F-38F0-8E96-96E5CAD7A537}.Debug|Win32.Build.0 = Debug|Win32
		{2A0B3FEA-996F-38F0-8E96-96E5CAD7A537}.Release|Win32.ActiveCfg = Release|Win32
		{2A0B3FEA-996F-38F0-8E96-96E5CAD7A537}.Release|Win32.Build.0 = Release|Win32
		{2A0B3FEA-996F-38F0-8E96-96E5CAD7A537}.MinSizeRel|Win32.ActiveCfg = MinSizeRel|Win32
		{2A0B3FEA-996F-38F0-8E96-96E5CAD7A537}.MinSizeRel|Win32.Build.0 = MinSizeRel|Win32
		{2A0B3FEA-996F-38F0-8E96-96E5CAD7A537}.RelWithDebInfo|Win32.ActiveCfg = RelWithDebInfo|Win32
		{2A0B3FEA-996F-38F0-8E96-96E5CAD7A537}.RelWithDebInfo|Win32.Build.0 = RelWithDebInfo|Win32
		{6B3019B4-510D-3682-BF10-1BBFD8A190DE}.Debug|Win32.ActiveCfg = Debug|Win32
		{6B3019B4-510D-3682-BF10-1BBFD8A190DE}.Debug|Win32.Build.0 = Debug|Win32
		{6B3019B4-510D-3682-BF10-1BBFD8A190DE}.Release|Win32.ActiveCfg = Release|Win32
		{6B3019B4-510D-3682-BF10-1BBFD8A190DE}.Release|Win32.Build.0 = Release|Win32
		{6B3019B4-510D-3682-BF10-1BBFD8A190DE}.MinSizeRel|Win32.ActiveCfg = MinSizeRel|Win32
		{6B3019B4-510D-3682-BF10-1BBFD8A190DE}.MinSizeRel|Win32.Build.0 = MinSizeRel|Win32
		{6B3019B4-510D-3682-BF10-1BBFD8A190DE}.RelWithDebInfo|Win32.ActiveCfg = RelWithDebInfo|Win32
		{6B3019B4-510D-3682-BF10-1BBFD8A190DE}.RelWithDebInfo|Win32.Build.0 = RelWithDebInfo|Win32
		{AD22EC6D-1B61-360F-9CBA-4FEEB88D23CA}.Debug|Win32.ActiveCfg = Debug|Win32
		{AD22EC6D-1B61-360F-9CBA-4FEEB88D23CA}.Debug|Win32.Build.0 = Debug|Win32
		{AD22EC6D-1B61-360F-9CBA-4FEEB88D23CA}.Release|Win32.ActiveCfg = Release|Win32
		{AD22EC6D-1B61-360F-9CBA-4FEEB88D23CA}.Release|Win32.Build.0 = Release|Win32
		{AD22EC6D-1B61-360F-9CBA-4FEEB88D23CA}.MinSizeRel|Win32.ActiveCfg = MinSizeRel|Win32
		{AD22EC6D-1B61-360F-9CBA-4FEEB88D23CA}.MinSizeRel|Win32.Build.0 = MinSizeRel|Win32
		{AD22EC6D-1B61-360F-9CBA-4FEEB88D23CA}.RelWithDebInfo|Win32.ActiveCfg = RelWithDebInfo|Win32
		{AD22EC6D-1B61-360F-9CBA-4FEEB88D23CA}.RelWithDebInfo|Win32.Build.0 = RelWithDebInfo|Win32
		{041096B2-D99B-34AA-B9FB-CC81E0CD7FEF}.Debug|Win32.ActiveCfg = Debug|Win32
		{041096B2-D99B-34AA-B9FB-CC81E0CD7FEF}.Debug|Win32.Build.0 = Debug|Win32
		{041096B2-D99B-34AA-B9FB-CC81E0CD7FEF}.Release|Win32.ActiveCfg = Release|Win32
		{041096B2-D99B-34AA-B9FB-CC81E0CD7FEF}.Release|Win32.Build.0 = Release|Win32
		{041096B2-D99B-34AA-B9FB-CC81E0CD7FEF}.MinSizeRel|Win32.ActiveCfg = MinSizeRel|Win32
		{041096B2-D99B-34AA-B9FB-CC81E0CD7FEF}.MinSizeRel|Win32.Build.0 = MinSizeRel|Win32
		{041096B2-D99B-34AA-B9FB-CC81E0CD7FEF}.RelWithDebInfo|Win32.ActiveCfg = RelWithDebInfo|Win32
		{041096B2-D99B-34AA-B9FB-CC81E0CD7FEF}.RelWithDebInfo|Win32.Build.0 = RelWithDebInfo|Win32
		{A83DCBAC-D0E2-3F57-B94B-247916B41A49}.Debug|Win32.ActiveCfg = Debug|Win32
		{A83DCBAC-D0E2-3F57-B94B-247916B41A49}.Debug|Win32.Build.0 = Debug|Win32
		{A83DCBAC-D0E2-3F57-B94B-247916B41A49}.Release|Win32.ActiveCfg = Release|Win32
		{A83DCBAC-D0E2-3F57-B94B-247916B41A49}.Release|Win32.Build.0 = Release|Win32
		{A83DCBAC-D0E2-3F57-B94B-247916B41A49}.MinSizeRel|Win32.ActiveCfg = MinSizeRel|Win32
		{A83DCBAC-D0E2-3F57-B94B-247916B41A49}.MinSizeRel|Win32.Build.0 = MinSizeRel|Win32
		{A83DCBAC-D0E2-3F57-B94B-247916B41A49}.RelWithDebInfo|Win32.ActiveCfg = RelWithDebInfo|Win32
		{A83DCBAC-D0E2-3F57-B94B-247916B41A49}.RelWithDebInfo|Win32.Build.0 = RelWithDebInfo|Win32
		{9FEF7CC9-E375-3A7E-8B8D-2912EAB0F364}.Debug|Win32.ActiveCfg = Debug|Win32
		{9FEF7CC9-E375-3A7E-8B8D-2912EAB0F364}.Debug|Win32.Build.0 = Debug|Win32
		{9FEF7CC9-E375-3A7E-8B8D-2912EAB0F364}.Release|Win32.ActiveCfg = Release|Win32
		{9FEF7CC9-E375-3A7E-8B8D-2912EAB0F364}.Release|Win32.Build.0 = Release|Win32
		{9FEF7CC9-E375-3A7E-8B8D-2912EAB0F364}.MinSizeRel|Win32.ActiveCfg = MinSizeRel|Win32
		{9FEF7CC9-E375-3A7E-8B8D-2912EAB0F364}.MinSizeRel|Win32.Build.0 = MinSizeRel|Win32
		{9FEF7CC9-E375-3A7E-8B8D-2912EAB0F364}.RelWithDebInfo|Win32.ActiveCfg = RelWithDebInfo|Win32
		{9FEF7CC9-E375-3A7E-8B8D-2912EAB0F364}.RelWithDebInfo|Win32.Build.0 = RelWithDebInfo|Win32
		{F557F5B9-9664-3052-8C6F-8B9994976884}.Debug|Win32.ActiveCfg = Debug|Win32
		{F557F5B9-9664-3052-8C6F-8B9994976884}.Release|Win32.ActiveCfg = Release|Win32
		{F557F5B9-9664-3052-8C6F-8B9994976884}.MinSizeRel|Win32.ActiveCfg = MinSizeRel|Win32
		{F557F5B9-9664-3052-8C6F-8B9994976884}.RelWithDebInfo|Win32.ActiveCfg = RelWithDebInfo|Win32
		{349B2C3F-A59F-3193-AAC5-CE48D25C1212}.Debug|Win32.ActiveCfg = Debug|Win32
		{349B2C3F-A59F-3193-AAC5-CE48D25C1212}.Debug|Win32.Build.0 = Debug|Win32
		{349B2C3F-A59F-3193-AAC5-CE48D25C1212}.Release|Win32.ActiveCfg = Release|Win32
		{349B2C3F-A59F-3193-AAC5-CE48D25C1212}.Release|Win32.Build.0 = Release|Win32
		{349B2C3F-A59F-3193-AAC5-CE48D25C1212}.MinSizeRel|Win32.ActiveCfg = MinSizeRel|Win32
		{349B2C3F-A59F-3193-AAC5-CE48D25C1212}.MinSizeRel|Win32.Build.0 = MinSizeRel|Win32
		{349B2C3F-A59F-3193-AAC5-CE48D25C1212}.RelWithDebInfo|Win32.ActiveCfg = RelWithDebInfo|Win32
		{349B2C3F-A59F-3193-AAC5-CE48D25C1212}.RelWithDebInfo|Win32.Build.0 = RelWithDebInfo|Win32
		{D4402BF9-049F-3C9B-95BD-28380000E8F5}.Debug|Win32.ActiveCfg = Debug|Win32
		{D4402BF9-049F-3C9B-95BD-28380000E8F5}.Debug|Win32.Build.0 = Debug|Win32
		{D4402BF9-049F-3C9B-95BD-28380000E8F5}.Release|Win32.ActiveCfg = Release|Win32
		{D4402BF9-049F-3C9B-95BD-28380000E8F5}.Release|Win32.Build.0 = Release|Win32
		{D4402BF9-049F-3C9B-95BD-28380000E8F5}.MinSizeRel|Win32.ActiveCfg = MinSizeRel|Win32
		{D4402BF9-049F-3C9B-95BD-28380000E8F5}.MinSizeRel|Win32.Build.0 = MinSizeRel|Win32
		{D4402BF9-049F-3C9B-95BD-28380000E8F5}.RelWithDebInfo|Win32.ActiveCfg = RelWithDebInfo|Win32
		{D4402BF9-049F-3C9B-95BD-28380000E8F5}.RelWithDebInfo|Win32.Build.0 = RelWithDebInfo|Win32
		{8A9C4924-F06F-391F-B9DA-105FB388F9F4}.Debug|Win32.ActiveCfg = Debug|Win32
		{8A9C4924-F06F-391F-B9DA-105FB388F9F4}.Debug|Win32.Build.0 = Debug|Win32
		{8A9C4924-F06F-391F-B9DA-105FB388F9F4}.Release|Win32.ActiveCfg = Release|Win32
		{8A9C4924-F06F-391F-B9DA-105FB388F9F4}.Release|Win32.Build.0 = Release|Win32
		{8A9C4924-F06F-391F-B9DA-105FB388F9F4}.MinSizeRel|Win32.ActiveCfg = MinSizeRel|Win32
		{8A9C4924-F06F-391F-B9DA-105FB388F9F4}.MinSizeRel|Win32.Build.0 = MinSizeRel|Win32
		{8A9C4924-F06F-391F-B9DA-105FB388F9F4}.RelWithDebInfo|Win32.ActiveCfg = RelWithDebInfo|Win32
		{8A9C4924-F06F-391F-B9DA-105FB388F9F4}.RelWithDebInfo|Win32.Build.0 = RelWithDebInfo|Win32
		{7BBF1809-C5FD-31F6-A45C-1A6E917116C4}.Debug|Win32.ActiveCfg = Debug|Win32
		{7BBF1809-C5FD-31F6-A45C-1A6E917116C4}.Debug|Win32.Build.0 = Debug|Win32
		{7BBF1809-C5FD-31F6-A45C-1A6E917116C4}.Release|Win32.ActiveCfg = Release|Win32
		{7BBF1809-C5FD-31F6-A45C-1A6E917116C4}.Release|Win32.Build.0 = Release|Win32
		{7BBF1809-C5FD-31F6-A45C-1A6E917116C4}.MinSizeRel|Win32.ActiveCfg = MinSizeRel|Win32
		{7BBF1809-C5FD-31F6-A45C-1A6E917116C4}.MinSizeRel|Win32.Build.0 = MinSizeRel|Win32
		{7BBF1809-C5FD-31F6-A45C-1A6E917116C4}.RelWithDebInfo|Win32.ActiveCfg = RelWithDebInfo|Win32
		{7BBF1809-C5FD-31F6-A45C-1A6E917116C4}.RelWithDebInfo|Win32.Build.0 = RelWithDebInfo|Win32
		{7D541997-C0A2-31B1-8BAF-A7772D8EC86F}.Debug|Win32.ActiveCfg = Debug|Win32
		{7D541997-C0A2-31B1-8BAF-A7772D8EC86F}.Debug|Win32.Build.0 = Debug|Win32
		{7D541997-C0A2-31B1-8BAF-A7772D8EC86F}.Release|Win32.ActiveCfg = Release|Win32
		{7D541997-C0A2-31B1-8BAF-A7772D8EC86F}.Release|Win32.Build.0 = Release|Win32
		{7D541997-C0A2-31B1-8BAF-A7772D8EC86F}.MinSizeRel|Win32.ActiveCfg = MinSizeRel|Win32
		{7D541997-C0A2-31B1-8BAF-A7772D8EC86F}.MinSizeRel|Win32.Build.0 = MinSizeRel|Win32
		{7D541997-C0A2-31B1-8BAF-A7772D8EC86F}.RelWithDebInfo|Win32.ActiveCfg = RelWithDebInfo|Win32
		{7D541997-C0A2-31B1-8BAF-A7772D8EC86F}.RelWithDebInfo|Win32.Build.0 = RelWithDebInfo|Win32
		{0724E350-05E3-378B-BA4C-6CB62E1B4D63}.Debug|Win32.ActiveCfg = Debug|Win32
		{0724E350-05E3-378B-BA4C-6CB62E1B4D63}.Debug|Win32.Build.0 = Debug|Win32
		{0724E350-05E3-378B-BA4C-6CB62E1B4D63}.Release|Win32.ActiveCfg = Release|Win32
		{0724E350-05E3-378B-BA4C-6CB62E1B4D63}.Release|Win32.Build.0 = Release|Win32
		{0724E350-05E3-378B-BA4C-6CB62E1B4D63}.MinSizeRel|Win32.ActiveCfg = MinSizeRel|Win32
		{0724E350-05E3-378B-BA4C-6CB62E1B4D63}.MinSizeRel|Win32.Build.0 = MinSizeRel|Win32
		{0724E350-05E3-378B-BA4C-6CB62E1B4D63}.RelWithDebInfo|Win32.ActiveCfg = RelWithDebInfo|Win32
		{0724E350-05E3-378B-BA4C-6CB62E1B4D63}.RelWithDebInfo|Win32.Build.0 = RelWithDebInfo|Win32
		{377DEE41-8709-38E3-9B72-1E92A200C958}.Debug|Win32.ActiveCfg = Debug|Win32
		{377DEE41-8709-38E3-9B72-1E92A200C958}.Debug|Win32.Build.0 = Debug|Win32
		{377DEE41-8709-38E3-9B72-1E92A200C958}.Release|Win32.ActiveCfg = Release|Win32
		{377DEE41-8709-38E3-9B72-1E92A200C958}.Release|Win32.Build.0 = Release|Win32
		{377DEE41-8709-38E3-9B72-1E92A200C958}.MinSizeRel|Win32.ActiveCfg = MinSizeRel|Win32
		{377DEE41-8709-38E3-9B72-1E92A200C958}.MinSizeRel|Win32.Build.0 = MinSizeRel|Win32
		{377DEE41-8709-38E3-9B72-1E92A200C958}.RelWithDebInfo|Win32.ActiveCfg = RelWithDebInfo|Win32
		{377DEE41-8709-38E3-9B72-1E92A200C958}.RelWithDebInfo|Win32.Build.0 = RelWithDebInfo|Win32
		{BD9FA1DC-2549-3D96-84C1-4B508D6A29BF}.Debug|Win32.ActiveCfg = Debug|Win32
		{BD9FA1DC-2549-3D96-84C1-4B508D6A29BF}.Debug|Win32.Build.0 = Debug|Win32
		{BD9FA1DC-2549-3D96-84C1-4B508D6A29BF}.Release|Win32.ActiveCfg = Release|Win32
		{BD9FA1DC-2549-3D96-84C1-4B508D6A29BF}.Release|Win32.Build.0 = Release|Win32
		{BD9FA1DC-2549-3D96-84C1-4B508D6A29BF}.MinSizeRel|Win32.ActiveCfg = MinSizeRel|Win32
		{BD9FA1DC-2549-3D96-84C1-4B508D6A29BF}.MinSizeRel|Win32.Build.0 = MinSizeRel|Win32
		{BD9FA1DC-2549-3D96-84C1-4B508D6A29BF}.RelWithDebInfo|Win32.ActiveCfg = RelWithDebInfo|Win32
		{BD9FA1DC-2549-3D96-84C1-4B508D6A29BF}.RelWithDebInfo|Win32.Build.0 = RelWithDebInfo|Win32
		{3C6DD498-A733-33E8-9D40-32E1F87221CC}.Debug|Win32.ActiveCfg = Debug|Win32
		{3C6DD498-A733-33E8-9D40-32E1F87221CC}.Debug|Win32.Build.0 = Debug|Win32
		{3C6DD498-A733-33E8-9D40-32E1F87221CC}.Release|Win32.ActiveCfg = Release|Win32
		{3C6DD498-A733-33E8-9D40-32E1F87221CC}.Release|Win32.Build.0 = Release|Win32
		{3C6DD498-A733-33E8-9D40-32E1F87221CC}.MinSizeRel|Win32.ActiveCfg = MinSizeRel|Win32
		{3C6DD498-A733-33E8-9D40-32E1F87221CC}.MinSizeRel|Win32.Build.0 = MinSizeRel|Win32
		{3C6DD498-A733-33E8-9D40-32E1F87221CC}.RelWithDebInfo|Win32.ActiveCfg = RelWithDebInfo|Win32
		{3C6DD498-A733-33E8-9D40-32E1F87221CC}.RelWithDebInfo|Win32.Build.0 = RelWithDebInfo|Win32
		{6ABEC4BE-AF0A-3216-944F-299B14876B7D}.Debug|Win32.ActiveCfg = Debug|Win32
		{6ABEC4BE-AF0A-3216-944F-299B14876B7D}.Debug|Win32.Build.0 = Debug|Win32
		{6ABEC4BE-AF0A-3216-944F-299B14876B7D}.Release|Win32.ActiveCfg = Release|Win32
		{6ABEC4BE-AF0A-3216-944F-299B14876B7D}.Release|Win32.Build.0 = Release|Win32
		{6ABEC4BE-AF0A-3216-944F-299B14876B7D}.MinSizeRel|Win32.ActiveCfg = MinSizeRel|Win32
		{6ABEC4BE-AF0A-3216-944F-299B14876B7D}.MinSizeRel|Win32.Build.0 = MinSizeRel|Win32
		{6ABEC4BE-AF0A-3216-944F-299B14876B7D}.RelWithDebInfo|Win32.ActiveCfg = RelWithDebInfo|Win32
		{6ABEC4BE-AF0A-3216-944F-299B14876B7D}.RelWithDebInfo|Win32.Build.0 = RelWithDebInfo|Win32
		{2A1B8546-51F2-3CF8-A43D-4A8D9157A5AF}.Debug|Win32.ActiveCfg = Debug|Win32
		{2A1B8546-51F2-3CF8-A43D-4A8D9157A5AF}.Debug|Win32.Build.0 = Debug|Win32
		{2A1B8546-51F2-3CF8-A43D-4A8D9157A5AF}.Release|Win32.ActiveCfg = Release|Win32
		{2A1B8546-51F2-3CF8-A43D-4A8D9157A5AF}.Release|Win32.Build.0 = Release|Win32
		{2A1B8546-51F2-3CF8-A43D-4A8D9157A5AF}.MinSizeRel|Win32.ActiveCfg = MinSizeRel|Win32
		{2A1B8546-51F2-3CF8-A43D-4A8D9157A5AF}.MinSizeRel|Win32.Build.0 = MinSizeRel|Win32
		{2A1B8546-51F2-3CF8-A43D-4A8D9157A5AF}.RelWithDebInfo|Win32.ActiveCfg = RelWithDebInfo|Win32
		{2A1B8546-51F2-3CF8-A43D-4A8D9157A5AF}.RelWithDebInfo|Win32.Build.0 = RelWithDebInfo|Win32
		{34B4C2DA-459F-3FA1-945F-82C8C6DF3AD0}.Debug|Win32.ActiveCfg = Debug|Win32
		{34B4C2DA-459F-3FA1-945F-82C8C6DF3AD0}.Debug|Win32.Build.0 = Debug|Win32
		{34B4C2DA-459F-3FA1-945F-82C8C6DF3AD0}.Release|Win32.ActiveCfg = Release|Win32
		{34B4C2DA-459F-3FA1-945F-82C8C6DF3AD0}.Release|Win32.Build.0 = Release|Win32
		{34B4C2DA-459F-3FA1-945F-82C8C6DF3AD0}.MinSizeRel|Win32.ActiveCfg = MinSizeRel|Win32
		{34B4C2DA-459F-3FA1-945F-82C8C6DF3AD0}.MinSizeRel|Win32.Build.0 = MinSizeRel|Win32
		{34B4C2DA-459F-3FA1-945F-82C8C6DF3AD0}.RelWithDebInfo|Win32.ActiveCfg = RelWithDebInfo|Win32
		{34B4C2DA-459F-3FA1-945F-82C8C6DF3AD0}.RelWithDebInfo|Win32.Build.0 = RelWithDebInfo|Win32
		{29E119DE-D15F-3638-8A22-B315E4A0F470}.Debug|Win32.ActiveCfg = Debug|Win32
		{29E119DE-D15F-3638-8A22-B315E4A0F470}.Debug|Win32.Build.0 = Debug|Win32
		{29E119DE-D15F-3638-8A22-B315E4A0F470}.Release|Win32.ActiveCfg = Release|Win32
		{29E119DE-D15F-3638-8A22-B315E4A0F470}.Release|Win32.Build.0 = Release|Win32
		{29E119DE-D15F-3638-8A22-B315E4A0F470}.MinSizeRel|Win32.ActiveCfg = MinSizeRel|Win32
		{29E119DE-D15F-3638-8A22-B315E4A0F470}.MinSizeRel|Win32.Build.0 = MinSizeRel|Win32
		{29E119DE-D15F-3638-8A22-B315E4A0F470}.RelWithDebInfo|Win32.ActiveCfg = RelWithDebInfo|Win32
		{29E119DE-D15F-3638-8A22-B315E4A0F470}.RelWithDebInfo|Win32.Build.0 = RelWithDebInfo|Win32
		{1D79A6B2-4835-3C33-86E1-E8B0F174907B}.Debug|Win32.ActiveCfg = Debug|Win32
		{1D79A6B2-4835-3C33-86E1-E8B0F174907B}.Debug|Win32.Build.0 = Debug|Win32
		{1D79A6B2-4835-3C33-86E1-E8B0F174907B}.Release|Win32.ActiveCfg = Release|Win32
		{1D79A6B2-4835-3C33-86E1-E8B0F174907B}.Release|Win32.Build.0 = Release|Win32
		{1D79A6B2-4835-3C33-86E1-E8B0F174907B}.MinSizeRel|Win32.ActiveCfg = MinSizeRel|Win32
		{1D79A6B2-4835-3C33-86E1-E8B0F174907B}.MinSizeRel|Win32.Build.0 = MinSizeRel|Win32
		{1D79A6B2-4835-3C33-86E1-E8B0F174907B}.RelWithDebInfo|Win32.ActiveCfg = RelWithDebInfo|Win32
		{1D79A6B2-4835-3C33-86E1-E8B0F174907B}.RelWithDebInfo|Win32.Build.0 = RelWithDebInfo|Win32
		{1BB02D56-23E8-3AE8-BF89-4964BFBE326D}.Debug|Win32.ActiveCfg = Debug|Win32
		{1BB02D56-23E8-3AE8-BF89-4964BFBE326D}.Debug|Win32.Build.0 = Debug|Win32
		{1BB02D56-23E8-3AE8-BF89-4964BFBE326D}.Release|Win32.ActiveCfg = Release|Win32
		{1BB02D56-23E8-3AE8-BF89-4964BFBE326D}.Release|Win32.Build.0 = Release|Win32
		{1BB02D56-23E8-3AE8-BF89-4964BFBE326D}.MinSizeRel|Win32.ActiveCfg = MinSizeRel|Win32
		{1BB02D56-23E8-3AE8-BF89-4964BFBE326D}.MinSizeRel|Win32.Build.0 = MinSizeRel|Win32
		{1BB02D56-23E8-3AE8-BF89-4964BFBE326D}.RelWithDebInfo|Win32.ActiveCfg = RelWithDebInfo|Win32
		{1BB02D56-23E8-3AE8-BF89-4964BFBE326D}.RelWithDebInfo|Win32.Build.0 = RelWithDebInfo|Win32
		{810F51BF-6B55-3B96-87AC-B5341D431683}.Debug|Win32.ActiveCfg = Debug|Win32
		{810F51BF-6B55-3B96-87AC-B5341D431683}.Debug|Win32.Build.0 = Debug|Win32
		{810F51BF-6B55-3B96-87AC-B5341D431683}.Release|Win32.ActiveCfg = Release|Win32
		{810F51BF-6B55-3B96-87AC-B5341D431683}.Release|Win32.Build.0 = Release|Win32
		{810F51BF-6B55-3B96-87AC-B5341D431683}.MinSizeRel|Win32.ActiveCfg = MinSizeRel|Win32
		{810F51BF-6B55-3B96-87AC-B5341D431683}.MinSizeRel|Win32.Build.0 = MinSizeRel|Win32
		{810F51BF-6B55-3B96-87AC-B5341D431683}.RelWithDebInfo|Win32.ActiveCfg = RelWithDebInfo|Win32
		{810F51BF-6B55-3B96-87AC-B5341D431683}.RelWithDebInfo|Win32.Build.0 = RelWithDebInfo|Win32
		{ECDDD84D-9806-3FC7-BBD0-3A1D54D8A633}.Debug|Win32.ActiveCfg = Debug|Win32
		{ECDDD84D-9806-3FC7-BBD0-3A1D54D8A633}.Debug|Win32.Build.0 = Debug|Win32
		{ECDDD84D-9806-3FC7-BBD0-3A1D54D8A633}.Release|Win32.ActiveCfg = Release|Win32
		{ECDDD84D-9806-3FC7-BBD0-3A1D54D8A633}.Release|Win32.Build.0 = Release|Win32
		{ECDDD84D-9806-3FC7-BBD0-3A1D54D8A633}.MinSizeRel|Win32.ActiveCfg = MinSizeRel|Win32
		{ECDDD84D-9806-3FC7-BBD0-3A1D54D8A633}.MinSizeRel|Win32.Build.0 = MinSizeRel|Win32
		{ECDDD84D-9806-3FC7-BBD0-3A1D54D8A633}.RelWithDebInfo|Win32.ActiveCfg = RelWithDebInfo|Win32
		{ECDDD84D-9806-3FC7-BBD0-3A1D54D8A633}.RelWithDebInfo|Win32.Build.0 = RelWithDebInfo|Win32
		{0C93F614-F15C-3662-9E1A-35991C23076E}.Debug|Win32.ActiveCfg = Debug|Win32
		{0C93F614-F15C-3662-9E1A-35991C23076E}.Debug|Win32.Build.0 = Debug|Win32
		{0C93F614-F15C-3662-9E1A-35991C23076E}.Release|Win32.ActiveCfg = Release|Win32
		{0C93F614-F15C-3662-9E1A-35991C23076E}.Release|Win32.Build.0 = Release|Win32
		{0C93F614-F15C-3662-9E1A-35991C23076E}.MinSizeRel|Win32.ActiveCfg = MinSizeRel|Win32
		{0C93F614-F15C-3662-9E1A-35991C23076E}.MinSizeRel|Win32.Build.0 = MinSizeRel|Win32
		{0C93F614-F15C-3662-9E1A-35991C23076E}.RelWithDebInfo|Win32.ActiveCfg = RelWithDebInfo|Win32
		{0C93F614-F15C-3662-9E1A-35991C23076E}.RelWithDebInfo|Win32.Build.0 = RelWithDebInfo|Win32
		{41AE8CEC-24E1-3C78-8812-6DD2D91563E4}.Debug|Win32.ActiveCfg = Debug|Win32
		{41AE8CEC-24E1-3C78-8812-6DD2D91563E4}.Debug|Win32.Build.0 = Debug|Win32
		{41AE8CEC-24E1-3C78-8812-6DD2D91563E4}.Release|Win32.ActiveCfg = Release|Win32
		{41AE8CEC-24E1-3C78-8812-6DD2D91563E4}.Release|Win32.Build.0 = Release|Win32
		{41AE8CEC-24E1-3C78-8812-6DD2D91563E4}.MinSizeRel|Win32.ActiveCfg = MinSizeRel|Win32
		{41AE8CEC-24E1-3C78-8812-6DD2D91563E4}.MinSizeRel|Win32.Build.0 = MinSizeRel|Win32
		{41AE8CEC-24E1-3C78-8812-6DD2D91563E4}.RelWithDebInfo|Win32.ActiveCfg = RelWithDebInfo|Win32
		{41AE8CEC-24E1-3C78-8812-6DD2D91563E4}.RelWithDebInfo|Win32.Build.0 = RelWithDebInfo|Win32
		{603C0B69-FDB8-30A5-A241-72E228EC55F0}.Debug|Win32.ActiveCfg = Debug|Win32
		{603C0B69-FDB8-30A5-A241-72E228EC55F0}.Debug|Win32.Build.0 = Debug|Win32
		{603C0B69-FDB8-30A5-A241-72E228EC55F0}.Release|Win32.ActiveCfg = Release|Win32
		{603C0B69-FDB8-30A5-A241-72E228EC55F0}.Release|Win32.Build.0 = Release|Win32
		{603C0B69-FDB8-30A5-A241-72E228EC55F0}.MinSizeRel|Win32.ActiveCfg = MinSizeRel|Win32
		{603C0B69-FDB8-30A5-A241-72E228EC55F0}.MinSizeRel|Win32.Build.0 = MinSizeRel|Win32
		{603C0B69-FDB8-30A5-A241-72E228EC55F0}.RelWithDebInfo|Win32.ActiveCfg = RelWithDebInfo|Win32
		{603C0B69-FDB8-30A5-A241-72E228EC55F0}.RelWithDebInfo|Win32.Build.0 = RelWithDebInfo|Win32
		{0D4C3480-523A-3584-93C1-AE3D71AD8284}.Debug|Win32.ActiveCfg = Debug|Win32
		{0D4C3480-523A-3584-93C1-AE3D71AD8284}.Debug|Win32.Build.0 = Debug|Win32
		{0D4C3480-523A-3584-93C1-AE3D71AD8284}.Release|Win32.ActiveCfg = Release|Win32
		{0D4C3480-523A-3584-93C1-AE3D71AD8284}.Release|Win32.Build.0 = Release|Win32
		{0D4C3480-523A-3584-93C1-AE3D71AD8284}.MinSizeRel|Win32.ActiveCfg = MinSizeRel|Win32
		{0D4C3480-523A-3584-93C1-AE3D71AD8284}.MinSizeRel|Win32.Build.0 = MinSizeRel|Win32
		{0D4C3480-523A-3584-93C1-AE3D71AD8284}.RelWithDebInfo|Win32.ActiveCfg = RelWithDebInfo|Win32
		{0D4C3480-523A-3584-93C1-AE3D71AD8284}.RelWithDebInfo|Win32.Build.0 = RelWithDebInfo|Win32
		{697984E3-23A1-3C26-9665-2FBBB0A89B0D}.Debug|Win32.ActiveCfg = Debug|Win32
		{697984E3-23A1-3C26-9665-2FBBB0A89B0D}.Debug|Win32.Build.0 = Debug|Win32
		{697984E3-23A1-3C26-9665-2FBBB0A89B0D}.Release|Win32.ActiveCfg = Release|Win32
		{697984E3-23A1-3C26-9665-2FBBB0A89B0D}.Release|Win32.Build.0 = Release|Win32
		{697984E3-23A1-3C26-9665-2FBBB0A89B0D}.MinSizeRel|Win32.ActiveCfg = MinSizeRel|Win32
		{697984E3-23A1-3C26-9665-2FBBB0A89B0D}.MinSizeRel|Win32.Build.0 = MinSizeRel|Win32
		{697984E3-23A1-3C26-9665-2FBBB0A89B0D}.RelWithDebInfo|Win32.ActiveCfg = RelWithDebInfo|Win32
		{697984E3-23A1-3C26-9665-2FBBB0A89B0D}.RelWithDebInfo|Win32.Build.0 = RelWithDebInfo|Win32
		{E41E860B-CA8D-371C-982C-2BDE636E9F02}.Debug|Win32.ActiveCfg = Debug|Win32
		{E41E860B-CA8D-371C-982C-2BDE636E9F02}.Debug|Win32.Build.0 = Debug|Win32
		{E41E860B-CA8D-371C-982C-2BDE636E9F02}.Release|Win32.ActiveCfg = Release|Win32
		{E41E860B-CA8D-371C-982C-2BDE636E9F02}.Release|Win32.Build.0 = Release|Win32
		{E41E860B-CA8D-371C-982C-2BDE636E9F02}.MinSizeRel|Win32.ActiveCfg = MinSizeRel|Win32
		{E41E860B-CA8D-371C-982C-2BDE636E9F02}.MinSizeRel|Win32.Build.0 = MinSizeRel|Win32
		{E41E860B-CA8D-371C-982C-2BDE636E9F02}.RelWithDebInfo|Win32.ActiveCfg = RelWithDebInfo|Win32
		{E41E860B-CA8D-371C-982C-2BDE636E9F02}.RelWithDebInfo|Win32.Build.0 = RelWithDebInfo|Win32
		{A342824D-2ED7-3BEA-8A0A-F707323A3AD8}.Debug|Win32.ActiveCfg = Debug|Win32
		{A342824D-2ED7-3BEA-8A0A-F707323A3AD8}.Debug|Win32.Build.0 = Debug|Win32
		{A342824D-2ED7-3BEA-8A0A-F707323A3AD8}.Release|Win32.ActiveCfg = Release|Win32
		{A342824D-2ED7-3BEA-8A0A-F707323A3AD8}.Release|Win32.Build.0 = Release|Win32
		{A342824D-2ED7-3BEA-8A0A-F707323A3AD8}.MinSizeRel|Win32.ActiveCfg = MinSizeRel|Win32
		{A342824D-2ED7-3BEA-8A0A-F707323A3AD8}.MinSizeRel|Win32.Build.0 = MinSizeRel|Win32
		{A342824D-2ED7-3BEA-8A0A-F707323A3AD8}.RelWithDebInfo|Win32.ActiveCfg = RelWithDebInfo|Win32
		{A342824D-2ED7-3BEA-8A0A-F707323A3AD8}.RelWithDebInfo|Win32.Build.0 = RelWithDebInfo|Win32
		{97483F62-9450-3D1C-9C2A-FB12239AE966}.Debug|Win32.ActiveCfg = Debug|Win32
		{97483F62-9450-3D1C-9C2A-FB12239AE966}.Debug|Win32.Build.0 = Debug|Win32
		{97483F62-9450-3D1C-9C2A-FB12239AE966}.Release|Win32.ActiveCfg = Release|Win32
		{97483F62-9450-3D1C-9C2A-FB12239AE966}.Release|Win32.Build.0 = Release|Win32
		{97483F62-9450-3D1C-9C2A-FB12239AE966}.MinSizeRel|Win32.ActiveCfg = MinSizeRel|Win32
		{97483F62-9450-3D1C-9C2A-FB12239AE966}.MinSizeRel|Win32.Build.0 = MinSizeRel|Win32
		{97483F62-9450-3D1C-9C2A-FB12239AE966}.RelWithDebInfo|Win32.ActiveCfg = RelWithDebInfo|Win32
		{97483F62-9450-3D1C-9C2A-FB12239AE966}.RelWithDebInfo|Win32.Build.0 = RelWithDebInfo|Win32
		{DDFECCEA-72A2-3E2F-A5BE-E3BD5FD1DC85}.Debug|Win32.ActiveCfg = Debug|Win32
		{DDFECCEA-72A2-3E2F-A5BE-E3BD5FD1DC85}.Debug|Win32.Build.0 = Debug|Win32
		{DDFECCEA-72A2-3E2F-A5BE-E3BD5FD1DC85}.Release|Win32.ActiveCfg = Release|Win32
		{DDFECCEA-72A2-3E2F-A5BE-E3BD5FD1DC85}.Release|Win32.Build.0 = Release|Win32
		{DDFECCEA-72A2-3E2F-A5BE-E3BD5FD1DC85}.MinSizeRel|Win32.ActiveCfg = MinSizeRel|Win32
		{DDFECCEA-72A2-3E2F-A5BE-E3BD5FD1DC85}.MinSizeRel|Win32.Build.0 = MinSizeRel|Win32
		{DDFECCEA-72A2-3E2F-A5BE-E3BD5FD1DC85}.RelWithDebInfo|Win32.ActiveCfg = RelWithDebInfo|Win32
		{DDFECCEA-72A2-3E2F-A5BE-E3BD5FD1DC85}.RelWithDebInfo|Win32.Build.0 = RelWithDebInfo|Win32
		{A3F347A2-B364-3512-A311-A32BCF25D06E}.Debug|Win32.ActiveCfg = Debug|Win32
		{A3F347A2-B364-3512-A311-A32BCF25D06E}.Debug|Win32.Build.0 = Debug|Win32
		{A3F347A2-B364-3512-A311-A32BCF25D06E}.Release|Win32.ActiveCfg = Release|Win32
		{A3F347A2-B364-3512-A311-A32BCF25D06E}.Release|Win32.Build.0 = Release|Win32
		{A3F347A2-B364-3512-A311-A32BCF25D06E}.MinSizeRel|Win32.ActiveCfg = MinSizeRel|Win32
		{A3F347A2-B364-3512-A311-A32BCF25D06E}.MinSizeRel|Win32.Build.0 = MinSizeRel|Win32
		{A3F347A2-B364-3512-A311-A32BCF25D06E}.RelWithDebInfo|Win32.ActiveCfg = RelWithDebInfo|Win32
		{A3F347A2-B364-3512-A311-A32BCF25D06E}.RelWithDebInfo|Win32.Build.0 = RelWithDebInfo|Win32
		{A08954F4-AA77-340A-856D-F8F5E4446D02}.Debug|Win32.ActiveCfg = Debug|Win32
		{A08954F4-AA77-340A-856D-F8F5E4446D02}.Debug|Win32.Build.0 = Debug|Win32
		{A08954F4-AA77-340A-856D-F8F5E4446D02}.Release|Win32.ActiveCfg = Release|Win32
		{A08954F4-AA77-340A-856D-F8F5E4446D02}.Release|Win32.Build.0 = Release|Win32
		{A08954F4-AA77-340A-856D-F8F5E4446D02}.MinSizeRel|Win32.ActiveCfg = MinSizeRel|Win32
		{A08954F4-AA77-340A-856D-F8F5E4446D02}.MinSizeRel|Win32.Build.0 = MinSizeRel|Win32
		{A08954F4-AA77-340A-856D-F8F5E4446D02}.RelWithDebInfo|Win32.ActiveCfg = RelWithDebInfo|Win32
		{A08954F4-AA77-340A-856D-F8F5E4446D02}.RelWithDebInfo|Win32.Build.0 = RelWithDebInfo|Win32
		{DD2D60FA-8E33-34F3-BBBB-0726A7B79BDF}.Debug|Win32.ActiveCfg = Debug|Win32
		{DD2D60FA-8E33-34F3-BBBB-0726A7B79BDF}.Debug|Win32.Build.0 = Debug|Win32
		{DD2D60FA-8E33-34F3-BBBB-0726A7B79BDF}.Release|Win32.ActiveCfg = Release|Win32
		{DD2D60FA-8E33-34F3-BBBB-0726A7B79BDF}.Release|Win32.Build.0 = Release|Win32
		{DD2D60FA-8E33-34F3-BBBB-0726A7B79BDF}.MinSizeRel|Win32.ActiveCfg = MinSizeRel|Win32
		{DD2D60FA-8E33-34F3-BBBB-0726A7B79BDF}.MinSizeRel|Win32.Build.0 = MinSizeRel|Win32
		{DD2D60FA-8E33-34F3-BBBB-0726A7B79BDF}.RelWithDebInfo|Win32.ActiveCfg = RelWithDebInfo|Win32
		{DD2D60FA-8E33-34F3-BBBB-0726A7B79BDF}.RelWithDebInfo|Win32.Build.0 = RelWithDebInfo|Win32
		{4C8A4D0C-9C05-3355-9521-E3FFE0E81432}.Debug|Win32.ActiveCfg = Debug|Win32
		{4C8A4D0C-9C05-3355-9521-E3FFE0E81432}.Debug|Win32.Build.0 = Debug|Win32
		{4C8A4D0C-9C05-3355-9521-E3FFE0E81432}.Release|Win32.ActiveCfg = Release|Win32
		{4C8A4D0C-9C05-3355-9521-E3FFE0E81432}.Release|Win32.Build.0 = Release|Win32
		{4C8A4D0C-9C05-3355-9521-E3FFE0E81432}.MinSizeRel|Win32.ActiveCfg = MinSizeRel|Win32
		{4C8A4D0C-9C05-3355-9521-E3FFE0E81432}.MinSizeRel|Win32.Build.0 = MinSizeRel|Win32
		{4C8A4D0C-9C05-3355-9521-E3FFE0E81432}.RelWithDebInfo|Win32.ActiveCfg = RelWithDebInfo|Win32
		{4C8A4D0C-9C05-3355-9521-E3FFE0E81432}.RelWithDebInfo|Win32.Build.0 = RelWithDebInfo|Win32
		{796C6C3C-BA6E-3462-AE6A-282FD533101E}.Debug|Win32.ActiveCfg = Debug|Win32
		{796C6C3C-BA6E-3462-AE6A-282FD533101E}.Debug|Win32.Build.0 = Debug|Win32
		{796C6C3C-BA6E-3462-AE6A-282FD533101E}.Release|Win32.ActiveCfg = Release|Win32
		{796C6C3C-BA6E-3462-AE6A-282FD533101E}.Release|Win32.Build.0 = Release|Win32
		{796C6C3C-BA6E-3462-AE6A-282FD533101E}.MinSizeRel|Win32.ActiveCfg = MinSizeRel|Win32
		{796C6C3C-BA6E-3462-AE6A-282FD533101E}.MinSizeRel|Win32.Build.0 = MinSizeRel|Win32
		{796C6C3C-BA6E-3462-AE6A-282FD533101E}.RelWithDebInfo|Win32.ActiveCfg = RelWithDebInfo|Win32
		{796C6C3C-BA6E-3462-AE6A-282FD533101E}.RelWithDebInfo|Win32.Build.0 = RelWithDebInfo|Win32
		{288D0D29-B9FE-338A-BC70-1C3182F0AE2E}.Debug|Win32.ActiveCfg = Debug|Win32
		{288D0D29-B9FE-338A-BC70-1C3182F0AE2E}.Debug|Win32.Build.0 = Debug|Win32
		{288D0D29-B9FE-338A-BC70-1C3182F0AE2E}.Release|Win32.ActiveCfg = Release|Win32
		{288D0D29-B9FE-338A-BC70-1C3182F0AE2E}.Release|Win32.Build.0 = Release|Win32
		{288D0D29-B9FE-338A-BC70-1C3182F0AE2E}.MinSizeRel|Win32.ActiveCfg = MinSizeRel|Win32
		{288D0D29-B9FE-338A-BC70-1C3182F0AE2E}.MinSizeRel|Win32.Build.0 = MinSizeRel|Win32
		{288D0D29-B9FE-338A-BC70-1C3182F0AE2E}.RelWithDebInfo|Win32.ActiveCfg = RelWithDebInfo|Win32
		{288D0D29-B9FE-338A-BC70-1C3182F0AE2E}.RelWithDebInfo|Win32.Build.0 = RelWithDebInfo|Win32
		{D2D9A48A-1E9D-3413-BC18-0BB4E9D2F8EF}.Debug|Win32.ActiveCfg = Debug|Win32
		{D2D9A48A-1E9D-3413-BC18-0BB4E9D2F8EF}.Debug|Win32.Build.0 = Debug|Win32
		{D2D9A48A-1E9D-3413-BC18-0BB4E9D2F8EF}.Release|Win32.ActiveCfg = Release|Win32
		{D2D9A48A-1E9D-3413-BC18-0BB4E9D2F8EF}.Release|Win32.Build.0 = Release|Win32
		{D2D9A48A-1E9D-3413-BC18-0BB4E9D2F8EF}.MinSizeRel|Win32.ActiveCfg = MinSizeRel|Win32
		{D2D9A48A-1E9D-3413-BC18-0BB4E9D2F8EF}.MinSizeRel|Win32.Build.0 = MinSizeRel|Win32
		{D2D9A48A-1E9D-3413-BC18-0BB4E9D2F8EF}.RelWithDebInfo|Win32.ActiveCfg = RelWithDebInfo|Win32
		{D2D9A48A-1E9D-3413-BC18-0BB4E9D2F8EF}.RelWithDebInfo|Win32.Build.0 = RelWithDebInfo|Win32
		{37AD517F-40CC-318F-AEF2-DBCEFD64C038}.Debug|Win32.ActiveCfg = Debug|Win32
		{37AD517F-40CC-318F-AEF2-DBCEFD64C038}.Debug|Win32.Build.0 = Debug|Win32
		{37AD517F-40CC-318F-AEF2-DBCEFD64C038}.Release|Win32.ActiveCfg = Release|Win32
		{37AD517F-40CC-318F-AEF2-DBCEFD64C038}.Release|Win32.Build.0 = Release|Win32
		{37AD517F-40CC-318F-AEF2-DBCEFD64C038}.MinSizeRel|Win32.ActiveCfg = MinSizeRel|Win32
		{37AD517F-40CC-318F-AEF2-DBCEFD64C038}.MinSizeRel|Win32.Build.0 = MinSizeRel|Win32
		{37AD517F-40CC-318F-AEF2-DBCEFD64C038}.RelWithDebInfo|Win32.ActiveCfg = RelWithDebInfo|Win32
		{37AD517F-40CC-318F-AEF2-DBCEFD64C038}.RelWithDebInfo|Win32.Build.0 = RelWithDebInfo|Win32
		{2AA95958-A0AC-354B-B080-D1A33A8E2DDC}.Debug|Win32.ActiveCfg = Debug|Win32
		{2AA95958-A0AC-354B-B080-D1A33A8E2DDC}.Debug|Win32.Build.0 = Debug|Win32
		{2AA95958-A0AC-354B-B080-D1A33A8E2DDC}.Release|Win32.ActiveCfg = Release|Win32
		{2AA95958-A0AC-354B-B080-D1A33A8E2DDC}.Release|Win32.Build.0 = Release|Win32
		{2AA95958-A0AC-354B-B080-D1A33A8E2DDC}.MinSizeRel|Win32.ActiveCfg = MinSizeRel|Win32
		{2AA95958-A0AC-354B-B080-D1A33A8E2DDC}.MinSizeRel|Win32.Build.0 = MinSizeRel|Win32
		{2AA95958-A0AC-354B-B080-D1A33A8E2DDC}.RelWithDebInfo|Win32.ActiveCfg = RelWithDebInfo|Win32
		{2AA95958-A0AC-354B-B080-D1A33A8E2DDC}.RelWithDebInfo|Win32.Build.0 = RelWithDebInfo|Win32
		{ED4E968E-EDBC-313F-B833-84EF8C79B4F7}.Debug|Win32.ActiveCfg = Debug|Win32
		{ED4E968E-EDBC-313F-B833-84EF8C79B4F7}.Debug|Win32.Build.0 = Debug|Win32
		{ED4E968E-EDBC-313F-B833-84EF8C79B4F7}.Release|Win32.ActiveCfg = Release|Win32
		{ED4E968E-EDBC-313F-B833-84EF8C79B4F7}.Release|Win32.Build.0 = Release|Win32
		{ED4E968E-EDBC-313F-B833-84EF8C79B4F7}.MinSizeRel|Win32.ActiveCfg = MinSizeRel|Win32
		{ED4E968E-EDBC-313F-B833-84EF8C79B4F7}.MinSizeRel|Win32.Build.0 = MinSizeRel|Win32
		{ED4E968E-EDBC-313F-B833-84EF8C79B4F7}.RelWithDebInfo|Win32.ActiveCfg = RelWithDebInfo|Win32
		{ED4E968E-EDBC-313F-B833-84EF8C79B4F7}.RelWithDebInfo|Win32.Build.0 = RelWithDebInfo|Win32
		{8E720C4D-F856-3AB7-B929-0DCD66DC7217}.Debug|Win32.ActiveCfg = Debug|Win32
		{8E720C4D-F856-3AB7-B929-0DCD66DC7217}.Debug|Win32.Build.0 = Debug|Win32
		{8E720C4D-F856-3AB7-B929-0DCD66DC7217}.Release|Win32.ActiveCfg = Release|Win32
		{8E720C4D-F856-3AB7-B929-0DCD66DC7217}.Release|Win32.Build.0 = Release|Win32
		{8E720C4D-F856-3AB7-B929-0DCD66DC7217}.MinSizeRel|Win32.ActiveCfg = MinSizeRel|Win32
		{8E720C4D-F856-3AB7-B929-0DCD66DC7217}.MinSizeRel|Win32.Build.0 = MinSizeRel|Win32
		{8E720C4D-F856-3AB7-B929-0DCD66DC7217}.RelWithDebInfo|Win32.ActiveCfg = RelWithDebInfo|Win32
		{8E720C4D-F856-3AB7-B929-0DCD66DC7217}.RelWithDebInfo|Win32.Build.0 = RelWithDebInfo|Win32
		{10568579-3C6B-3960-95A2-0AF91A06D2D6}.Debug|Win32.ActiveCfg = Debug|Win32
		{10568579-3C6B-3960-95A2-0AF91A06D2D6}.Debug|Win32.Build.0 = Debug|Win32
		{10568579-3C6B-3960-95A2-0AF91A06D2D6}.Release|Win32.ActiveCfg = Release|Win32
		{10568579-3C6B-3960-95A2-0AF91A06D2D6}.Release|Win32.Build.0 = Release|Win32
		{10568579-3C6B-3960-95A2-0AF91A06D2D6}.MinSizeRel|Win32.ActiveCfg = MinSizeRel|Win32
		{10568579-3C6B-3960-95A2-0AF91A06D2D6}.MinSizeRel|Win32.Build.0 = MinSizeRel|Win32
		{10568579-3C6B-3960-95A2-0AF91A06D2D6}.RelWithDebInfo|Win32.ActiveCfg = RelWithDebInfo|Win32
		{10568579-3C6B-3960-95A2-0AF91A06D2D6}.RelWithDebInfo|Win32.Build.0 = RelWithDebInfo|Win32
		{DCDF0C9F-D2E2-336D-A77D-7D7407E5832D}.Debug|Win32.ActiveCfg = Debug|Win32
		{DCDF0C9F-D2E2-336D-A77D-7D7407E5832D}.Debug|Win32.Build.0 = Debug|Win32
		{DCDF0C9F-D2E2-336D-A77D-7D7407E5832D}.Release|Win32.ActiveCfg = Release|Win32
		{DCDF0C9F-D2E2-336D-A77D-7D7407E5832D}.Release|Win32.Build.0 = Release|Win32
		{DCDF0C9F-D2E2-336D-A77D-7D7407E5832D}.MinSizeRel|Win32.ActiveCfg = MinSizeRel|Win32
		{DCDF0C9F-D2E2-336D-A77D-7D7407E5832D}.MinSizeRel|Win32.Build.0 = MinSizeRel|Win32
		{DCDF0C9F-D2E2-336D-A77D-7D7407E5832D}.RelWithDebInfo|Win32.ActiveCfg = RelWithDebInfo|Win32
		{DCDF0C9F-D2E2-336D-A77D-7D7407E5832D}.RelWithDebInfo|Win32.Build.0 = RelWithDebInfo|Win32
		{209C20B8-5D76-3835-8D08-7706D796B60C}.Debug|Win32.ActiveCfg = Debug|Win32
		{209C20B8-5D76-3835-8D08-7706D796B60C}.Debug|Win32.Build.0 = Debug|Win32
		{209C20B8-5D76-3835-8D08-7706D796B60C}.Release|Win32.ActiveCfg = Release|Win32
		{209C20B8-5D76-3835-8D08-7706D796B60C}.Release|Win32.Build.0 = Release|Win32
		{209C20B8-5D76-3835-8D08-7706D796B60C}.MinSizeRel|Win32.ActiveCfg = MinSizeRel|Win32
		{209C20B8-5D76-3835-8D08-7706D796B60C}.MinSizeRel|Win32.Build.0 = MinSizeRel|Win32
		{209C20B8-5D76-3835-8D08-7706D796B60C}.RelWithDebInfo|Win32.ActiveCfg = RelWithDebInfo|Win32
		{209C20B8-5D76-3835-8D08-7706D796B60C}.RelWithDebInfo|Win32.Build.0 = RelWithDebInfo|Win32
		{BBE410DB-48D8-3145-A986-EFBA8605DE6E}.Debug|Win32.ActiveCfg = Debug|Win32
		{BBE410DB-48D8-3145-A986-EFBA8605DE6E}.Debug|Win32.Build.0 = Debug|Win32
		{BBE410DB-48D8-3145-A986-EFBA8605DE6E}.Release|Win32.ActiveCfg = Release|Win32
		{BBE410DB-48D8-3145-A986-EFBA8605DE6E}.Release|Win32.Build.0 = Release|Win32
		{BBE410DB-48D8-3145-A986-EFBA8605DE6E}.MinSizeRel|Win32.ActiveCfg = MinSizeRel|Win32
		{BBE410DB-48D8-3145-A986-EFBA8605DE6E}.MinSizeRel|Win32.Build.0 = MinSizeRel|Win32
		{BBE410DB-48D8-3145-A986-EFBA8605DE6E}.RelWithDebInfo|Win32.ActiveCfg = RelWithDebInfo|Win32
		{BBE410DB-48D8-3145-A986-EFBA8605DE6E}.RelWithDebInfo|Win32.Build.0 = RelWithDebInfo|Win32
		{F52F0213-AFBE-32A4-ACD0-858FB67E5198}.Debug|Win32.ActiveCfg = Debug|Win32
		{F52F0213-AFBE-32A4-ACD0-858FB67E5198}.Debug|Win32.Build.0 = Debug|Win32
		{F52F0213-AFBE-32A4-ACD0-858FB67E5198}.Release|Win32.ActiveCfg = Release|Win32
		{F52F0213-AFBE-32A4-ACD0-858FB67E5198}.Release|Win32.Build.0 = Release|Win32
		{F52F0213-AFBE-32A4-ACD0-858FB67E5198}.MinSizeRel|Win32.ActiveCfg = MinSizeRel|Win32
		{F52F0213-AFBE-32A4-ACD0-858FB67E5198}.MinSizeRel|Win32.Build.0 = MinSizeRel|Win32
		{F52F0213-AFBE-32A4-ACD0-858FB67E5198}.RelWithDebInfo|Win32.ActiveCfg = RelWithDebInfo|Win32
		{F52F0213-AFBE-32A4-ACD0-858FB67E5198}.RelWithDebInfo|Win32.Build.0 = RelWithDebInfo|Win32
		{29BBB1ED-3896-3117-9608-6D5005B61A00}.Debug|Win32.ActiveCfg = Debug|Win32
		{29BBB1ED-3896-3117-9608-6D5005B61A00}.Debug|Win32.Build.0 = Debug|Win32
		{29BBB1ED-3896-3117-9608-6D5005B61A00}.Release|Win32.ActiveCfg = Release|Win32
		{29BBB1ED-3896-3117-9608-6D5005B61A00}.Release|Win32.Build.0 = Release|Win32
		{29BBB1ED-3896-3117-9608-6D5005B61A00}.MinSizeRel|Win32.ActiveCfg = MinSizeRel|Win32
		{29BBB1ED-3896-3117-9608-6D5005B61A00}.MinSizeRel|Win32.Build.0 = MinSizeRel|Win32
		{29BBB1ED-3896-3117-9608-6D5005B61A00}.RelWithDebInfo|Win32.ActiveCfg = RelWithDebInfo|Win32
		{29BBB1ED-3896-3117-9608-6D5005B61A00}.RelWithDebInfo|Win32.Build.0 = RelWithDebInfo|Win32
		{EF81FAE4-C6A4-32C5-B211-6C639D7B7F48}.Debug|Win32.ActiveCfg = Debug|Win32
		{EF81FAE4-C6A4-32C5-B211-6C639D7B7F48}.Debug|Win32.Build.0 = Debug|Win32
		{EF81FAE4-C6A4-32C5-B211-6C639D7B7F48}.Release|Win32.ActiveCfg = Release|Win32
		{EF81FAE4-C6A4-32C5-B211-6C639D7B7F48}.Release|Win32.Build.0 = Release|Win32
		{EF81FAE4-C6A4-32C5-B211-6C639D7B7F48}.MinSizeRel|Win32.ActiveCfg = MinSizeRel|Win32
		{EF81FAE4-C6A4-32C5-B211-6C639D7B7F48}.MinSizeRel|Win32.Build.0 = MinSizeRel|Win32
		{EF81FAE4-C6A4-32C5-B211-6C639D7B7F48}.RelWithDebInfo|Win32.ActiveCfg = RelWithDebInfo|Win32
		{EF81FAE4-C6A4-32C5-B211-6C639D7B7F48}.RelWithDebInfo|Win32.Build.0 = RelWithDebInfo|Win32
		{891C6E5C-A1E1-32F1-B48E-FF23B46879C9}.Debug|Win32.ActiveCfg = Debug|Win32
		{891C6E5C-A1E1-32F1-B48E-FF23B46879C9}.Debug|Win32.Build.0 = Debug|Win32
		{891C6E5C-A1E1-32F1-B48E-FF23B46879C9}.Release|Win32.ActiveCfg = Release|Win32
		{891C6E5C-A1E1-32F1-B48E-FF23B46879C9}.Release|Win32.Build.0 = Release|Win32
		{891C6E5C-A1E1-32F1-B48E-FF23B46879C9}.MinSizeRel|Win32.ActiveCfg = MinSizeRel|Win32
		{891C6E5C-A1E1-32F1-B48E-FF23B46879C9}.MinSizeRel|Win32.Build.0 = MinSizeRel|Win32
		{891C6E5C-A1E1-32F1-B48E-FF23B46879C9}.RelWithDebInfo|Win32.ActiveCfg = RelWithDebInfo|Win32
		{891C6E5C-A1E1-32F1-B48E-FF23B46879C9}.RelWithDebInfo|Win32.Build.0 = RelWithDebInfo|Win32
		{F7EAEBCC-0577-3E32-8F91-D65877C85A4E}.Debug|Win32.ActiveCfg = Debug|Win32
		{F7EAEBCC-0577-3E32-8F91-D65877C85A4E}.Release|Win32.ActiveCfg = Release|Win32
		{F7EAEBCC-0577-3E32-8F91-D65877C85A4E}.MinSizeRel|Win32.ActiveCfg = MinSizeRel|Win32
		{F7EAEBCC-0577-3E32-8F91-D65877C85A4E}.RelWithDebInfo|Win32.ActiveCfg = RelWithDebInfo|Win32
		{85C3C257-0CA4-3545-B7B4-CBDBBA3E3B2C}.Debug|Win32.ActiveCfg = Debug|Win32
		{85C3C257-0CA4-3545-B7B4-CBDBBA3E3B2C}.Debug|Win32.Build.0 = Debug|Win32
		{85C3C257-0CA4-3545-B7B4-CBDBBA3E3B2C}.Release|Win32.ActiveCfg = Release|Win32
		{85C3C257-0CA4-3545-B7B4-CBDBBA3E3B2C}.Release|Win32.Build.0 = Release|Win32
		{85C3C257-0CA4-3545-B7B4-CBDBBA3E3B2C}.MinSizeRel|Win32.ActiveCfg = MinSizeRel|Win32
		{85C3C257-0CA4-3545-B7B4-CBDBBA3E3B2C}.MinSizeRel|Win32.Build.0 = MinSizeRel|Win32
		{85C3C257-0CA4-3545-B7B4-CBDBBA3E3B2C}.RelWithDebInfo|Win32.ActiveCfg = RelWithDebInfo|Win32
		{85C3C257-0CA4-3545-B7B4-CBDBBA3E3B2C}.RelWithDebInfo|Win32.Build.0 = RelWithDebInfo|Win32
		{A3A04803-22EA-3BD7-9CFE-9408E467D0B2}.Debug|Win32.ActiveCfg = Debug|Win32
		{A3A04803-22EA-3BD7-9CFE-9408E467D0B2}.Debug|Win32.Build.0 = Debug|Win32
		{A3A04803-22EA-3BD7-9CFE-9408E467D0B2}.Release|Win32.ActiveCfg = Release|Win32
		{A3A04803-22EA-3BD7-9CFE-9408E467D0B2}.Release|Win32.Build.0 = Release|Win32
		{A3A04803-22EA-3BD7-9CFE-9408E467D0B2}.MinSizeRel|Win32.ActiveCfg = MinSizeRel|Win32
		{A3A04803-22EA-3BD7-9CFE-9408E467D0B2}.MinSizeRel|Win32.Build.0 = MinSizeRel|Win32
		{A3A04803-22EA-3BD7-9CFE-9408E467D0B2}.RelWithDebInfo|Win32.ActiveCfg = RelWithDebInfo|Win32
		{A3A04803-22EA-3BD7-9CFE-9408E467D0B2}.RelWithDebInfo|Win32.Build.0 = RelWithDebInfo|Win32
		{127D0B03-A24F-392E-A201-E3F38C22D291}.Debug|Win32.ActiveCfg = Debug|Win32
		{127D0B03-A24F-392E-A201-E3F38C22D291}.Debug|Win32.Build.0 = Debug|Win32
		{127D0B03-A24F-392E-A201-E3F38C22D291}.Release|Win32.ActiveCfg = Release|Win32
		{127D0B03-A24F-392E-A201-E3F38C22D291}.Release|Win32.Build.0 = Release|Win32
		{127D0B03-A24F-392E-A201-E3F38C22D291}.MinSizeRel|Win32.ActiveCfg = MinSizeRel|Win32
		{127D0B03-A24F-392E-A201-E3F38C22D291}.MinSizeRel|Win32.Build.0 = MinSizeRel|Win32
		{127D0B03-A24F-392E-A201-E3F38C22D291}.RelWithDebInfo|Win32.ActiveCfg = RelWithDebInfo|Win32
		{127D0B03-A24F-392E-A201-E3F38C22D291}.RelWithDebInfo|Win32.Build.0 = RelWithDebInfo|Win32
		{49E94FF4-02B2-351A-B22D-0F69F7AD4986}.Debug|Win32.ActiveCfg = Debug|Win32
		{49E94FF4-02B2-351A-B22D-0F69F7AD4986}.Debug|Win32.Build.0 = Debug|Win32
		{49E94FF4-02B2-351A-B22D-0F69F7AD4986}.Release|Win32.ActiveCfg = Release|Win32
		{49E94FF4-02B2-351A-B22D-0F69F7AD4986}.Release|Win32.Build.0 = Release|Win32
		{49E94FF4-02B2-351A-B22D-0F69F7AD4986}.MinSizeRel|Win32.ActiveCfg = MinSizeRel|Win32
		{49E94FF4-02B2-351A-B22D-0F69F7AD4986}.MinSizeRel|Win32.Build.0 = MinSizeRel|Win32
		{49E94FF4-02B2-351A-B22D-0F69F7AD4986}.RelWithDebInfo|Win32.ActiveCfg = RelWithDebInfo|Win32
		{49E94FF4-02B2-351A-B22D-0F69F7AD4986}.RelWithDebInfo|Win32.Build.0 = RelWithDebInfo|Win32
		{9796E99F-9D3B-3F26-BD03-8A811887CAEA}.Debug|Win32.ActiveCfg = Debug|Win32
		{9796E99F-9D3B-3F26-BD03-8A811887CAEA}.Debug|Win32.Build.0 = Debug|Win32
		{9796E99F-9D3B-3F26-BD03-8A811887CAEA}.Release|Win32.ActiveCfg = Release|Win32
		{9796E99F-9D3B-3F26-BD03-8A811887CAEA}.Release|Win32.Build.0 = Release|Win32
		{9796E99F-9D3B-3F26-BD03-8A811887CAEA}.MinSizeRel|Win32.ActiveCfg = MinSizeRel|Win32
		{9796E99F-9D3B-3F26-BD03-8A811887CAEA}.MinSizeRel|Win32.Build.0 = MinSizeRel|Win32
		{9796E99F-9D3B-3F26-BD03-8A811887CAEA}.RelWithDebInfo|Win32.ActiveCfg = RelWithDebInfo|Win32
		{9796E99F-9D3B-3F26-BD03-8A811887CAEA}.RelWithDebInfo|Win32.Build.0 = RelWithDebInfo|Win32
		{F19D306C-64FF-3CDB-A6A4-E6E4AE5C61E6}.Debug|Win32.ActiveCfg = Debug|Win32
		{F19D306C-64FF-3CDB-A6A4-E6E4AE5C61E6}.Debug|Win32.Build.0 = Debug|Win32
		{F19D306C-64FF-3CDB-A6A4-E6E4AE5C61E6}.Release|Win32.ActiveCfg = Release|Win32
		{F19D306C-64FF-3CDB-A6A4-E6E4AE5C61E6}.Release|Win32.Build.0 = Release|Win32
		{F19D306C-64FF-3CDB-A6A4-E6E4AE5C61E6}.MinSizeRel|Win32.ActiveCfg = MinSizeRel|Win32
		{F19D306C-64FF-3CDB-A6A4-E6E4AE5C61E6}.MinSizeRel|Win32.Build.0 = MinSizeRel|Win32
		{F19D306C-64FF-3CDB-A6A4-E6E4AE5C61E6}.RelWithDebInfo|Win32.ActiveCfg = RelWithDebInfo|Win32
		{F19D306C-64FF-3CDB-A6A4-E6E4AE5C61E6}.RelWithDebInfo|Win32.Build.0 = RelWithDebInfo|Win32
		{287B1344-FE50-3F78-80F0-E4FB7BEDA0E2}.Debug|Win32.ActiveCfg = Debug|Win32
		{287B1344-FE50-3F78-80F0-E4FB7BEDA0E2}.Debug|Win32.Build.0 = Debug|Win32
		{287B1344-FE50-3F78-80F0-E4FB7BEDA0E2}.Release|Win32.ActiveCfg = Release|Win32
		{287B1344-FE50-3F78-80F0-E4FB7BEDA0E2}.Release|Win32.Build.0 = Release|Win32
		{287B1344-FE50-3F78-80F0-E4FB7BEDA0E2}.MinSizeRel|Win32.ActiveCfg = MinSizeRel|Win32
		{287B1344-FE50-3F78-80F0-E4FB7BEDA0E2}.MinSizeRel|Win32.Build.0 = MinSizeRel|Win32
		{287B1344-FE50-3F78-80F0-E4FB7BEDA0E2}.RelWithDebInfo|Win32.ActiveCfg = RelWithDebInfo|Win32
		{287B1344-FE50-3F78-80F0-E4FB7BEDA0E2}.RelWithDebInfo|Win32.Build.0 = RelWithDebInfo|Win32
		{309B5DAC-8E9B-39E8-8E53-E805CA31319B}.Debug|Win32.ActiveCfg = Debug|Win32
		{309B5DAC-8E9B-39E8-8E53-E805CA31319B}.Debug|Win32.Build.0 = Debug|Win32
		{309B5DAC-8E9B-39E8-8E53-E805CA31319B}.Release|Win32.ActiveCfg = Release|Win32
		{309B5DAC-8E9B-39E8-8E53-E805CA31319B}.Release|Win32.Build.0 = Release|Win32
		{309B5DAC-8E9B-39E8-8E53-E805CA31319B}.MinSizeRel|Win32.ActiveCfg = MinSizeRel|Win32
		{309B5DAC-8E9B-39E8-8E53-E805CA31319B}.MinSizeRel|Win32.Build.0 = MinSizeRel|Win32
		{309B5DAC-8E9B-39E8-8E53-E805CA31319B}.RelWithDebInfo|Win32.ActiveCfg = RelWithDebInfo|Win32
		{309B5DAC-8E9B-39E8-8E53-E805CA31319B}.RelWithDebInfo|Win32.Build.0 = RelWithDebInfo|Win32
		{A1319D01-5BF9-33B6-83F3-94ABC19B1EEE}.Debug|Win32.ActiveCfg = Debug|Win32
		{A1319D01-5BF9-33B6-83F3-94ABC19B1EEE}.Debug|Win32.Build.0 = Debug|Win32
		{A1319D01-5BF9-33B6-83F3-94ABC19B1EEE}.Release|Win32.ActiveCfg = Release|Win32
		{A1319D01-5BF9-33B6-83F3-94ABC19B1EEE}.Release|Win32.Build.0 = Release|Win32
		{A1319D01-5BF9-33B6-83F3-94ABC19B1EEE}.MinSizeRel|Win32.ActiveCfg = MinSizeRel|Win32
		{A1319D01-5BF9-33B6-83F3-94ABC19B1EEE}.MinSizeRel|Win32.Build.0 = MinSizeRel|Win32
		{A1319D01-5BF9-33B6-83F3-94ABC19B1EEE}.RelWithDebInfo|Win32.ActiveCfg = RelWithDebInfo|Win32
		{A1319D01-5BF9-33B6-83F3-94ABC19B1EEE}.RelWithDebInfo|Win32.Build.0 = RelWithDebInfo|Win32
		{C74CAEB6-EE82-3070-8A77-20C4A643C49E}.Debug|Win32.ActiveCfg = Debug|Win32
		{C74CAEB6-EE82-3070-8A77-20C4A643C49E}.Debug|Win32.Build.0 = Debug|Win32
		{C74CAEB6-EE82-3070-8A77-20C4A643C49E}.Release|Win32.ActiveCfg = Release|Win32
		{C74CAEB6-EE82-3070-8A77-20C4A643C49E}.Release|Win32.Build.0 = Release|Win32
		{C74CAEB6-EE82-3070-8A77-20C4A643C49E}.MinSizeRel|Win32.ActiveCfg = MinSizeRel|Win32
		{C74CAEB6-EE82-3070-8A77-20C4A643C49E}.MinSizeRel|Win32.Build.0 = MinSizeRel|Win32
		{C74CAEB6-EE82-3070-8A77-20C4A643C49E}.RelWithDebInfo|Win32.ActiveCfg = RelWithDebInfo|Win32
		{C74CAEB6-EE82-3070-8A77-20C4A643C49E}.RelWithDebInfo|Win32.Build.0 = RelWithDebInfo|Win32
		{0AC6D3C1-B5B4-3464-929D-0E0F732C4C08}.Debug|Win32.ActiveCfg = Debug|Win32
		{0AC6D3C1-B5B4-3464-929D-0E0F732C4C08}.Debug|Win32.Build.0 = Debug|Win32
		{0AC6D3C1-B5B4-3464-929D-0E0F732C4C08}.Release|Win32.ActiveCfg = Release|Win32
		{0AC6D3C1-B5B4-3464-929D-0E0F732C4C08}.Release|Win32.Build.0 = Release|Win32
		{0AC6D3C1-B5B4-3464-929D-0E0F732C4C08}.MinSizeRel|Win32.ActiveCfg = MinSizeRel|Win32
		{0AC6D3C1-B5B4-3464-929D-0E0F732C4C08}.MinSizeRel|Win32.Build.0 = MinSizeRel|Win32
		{0AC6D3C1-B5B4-3464-929D-0E0F732C4C08}.RelWithDebInfo|Win32.ActiveCfg = RelWithDebInfo|Win32
		{0AC6D3C1-B5B4-3464-929D-0E0F732C4C08}.RelWithDebInfo|Win32.Build.0 = RelWithDebInfo|Win32
		{9BD2F873-810D-3A93-854B-821CEE35B770}.Debug|Win32.ActiveCfg = Debug|Win32
		{9BD2F873-810D-3A93-854B-821CEE35B770}.Debug|Win32.Build.0 = Debug|Win32
		{9BD2F873-810D-3A93-854B-821CEE35B770}.Release|Win32.ActiveCfg = Release|Win32
		{9BD2F873-810D-3A93-854B-821CEE35B770}.Release|Win32.Build.0 = Release|Win32
		{9BD2F873-810D-3A93-854B-821CEE35B770}.MinSizeRel|Win32.ActiveCfg = MinSizeRel|Win32
		{9BD2F873-810D-3A93-854B-821CEE35B770}.MinSizeRel|Win32.Build.0 = MinSizeRel|Win32
		{9BD2F873-810D-3A93-854B-821CEE35B770}.RelWithDebInfo|Win32.ActiveCfg = RelWithDebInfo|Win32
		{9BD2F873-810D-3A93-854B-821CEE35B770}.RelWithDebInfo|Win32.Build.0 = RelWithDebInfo|Win32
		{8425348E-5D88-3E2A-BA01-E5C9D01F9802}.Debug|Win32.ActiveCfg = Debug|Win32
		{8425348E-5D88-3E2A-BA01-E5C9D01F9802}.Debug|Win32.Build.0 = Debug|Win32
		{8425348E-5D88-3E2A-BA01-E5C9D01F9802}.Release|Win32.ActiveCfg = Release|Win32
		{8425348E-5D88-3E2A-BA01-E5C9D01F9802}.Release|Win32.Build.0 = Release|Win32
		{8425348E-5D88-3E2A-BA01-E5C9D01F9802}.MinSizeRel|Win32.ActiveCfg = MinSizeRel|Win32
		{8425348E-5D88-3E2A-BA01-E5C9D01F9802}.MinSizeRel|Win32.Build.0 = MinSizeRel|Win32
		{8425348E-5D88-3E2A-BA01-E5C9D01F9802}.RelWithDebInfo|Win32.ActiveCfg = RelWithDebInfo|Win32
		{8425348E-5D88-3E2A-BA01-E5C9D01F9802}.RelWithDebInfo|Win32.Build.0 = RelWithDebInfo|Win32
		{30E55CC8-5BD4-3221-ACC1-4DFC7E417A4D}.Debug|Win32.ActiveCfg = Debug|Win32
		{30E55CC8-5BD4-3221-ACC1-4DFC7E417A4D}.Debug|Win32.Build.0 = Debug|Win32
		{30E55CC8-5BD4-3221-ACC1-4DFC7E417A4D}.Release|Win32.ActiveCfg = Release|Win32
		{30E55CC8-5BD4-3221-ACC1-4DFC7E417A4D}.Release|Win32.Build.0 = Release|Win32
		{30E55CC8-5BD4-3221-ACC1-4DFC7E417A4D}.MinSizeRel|Win32.ActiveCfg = MinSizeRel|Win32
		{30E55CC8-5BD4-3221-ACC1-4DFC7E417A4D}.MinSizeRel|Win32.Build.0 = MinSizeRel|Win32
		{30E55CC8-5BD4-3221-ACC1-4DFC7E417A4D}.RelWithDebInfo|Win32.ActiveCfg = RelWithDebInfo|Win32
		{30E55CC8-5BD4-3221-ACC1-4DFC7E417A4D}.RelWithDebInfo|Win32.Build.0 = RelWithDebInfo|Win32
		{45BDDDDB-3D3A-3579-8EAA-A68CAA58FF2C}.Debug|Win32.ActiveCfg = Debug|Win32
		{45BDDDDB-3D3A-3579-8EAA-A68CAA58FF2C}.Debug|Win32.Build.0 = Debug|Win32
		{45BDDDDB-3D3A-3579-8EAA-A68CAA58FF2C}.Release|Win32.ActiveCfg = Release|Win32
		{45BDDDDB-3D3A-3579-8EAA-A68CAA58FF2C}.Release|Win32.Build.0 = Release|Win32
		{45BDDDDB-3D3A-3579-8EAA-A68CAA58FF2C}.MinSizeRel|Win32.ActiveCfg = MinSizeRel|Win32
		{45BDDDDB-3D3A-3579-8EAA-A68CAA58FF2C}.MinSizeRel|Win32.Build.0 = MinSizeRel|Win32
		{45BDDDDB-3D3A-3579-8EAA-A68CAA58FF2C}.RelWithDebInfo|Win32.ActiveCfg = RelWithDebInfo|Win32
		{45BDDDDB-3D3A-3579-8EAA-A68CAA58FF2C}.RelWithDebInfo|Win32.Build.0 = RelWithDebInfo|Win32
		{90CD75E7-1CB0-3235-8CCD-F2DE59EA8F01}.Debug|Win32.ActiveCfg = Debug|Win32
		{90CD75E7-1CB0-3235-8CCD-F2DE59EA8F01}.Debug|Win32.Build.0 = Debug|Win32
		{90CD75E7-1CB0-3235-8CCD-F2DE59EA8F01}.Release|Win32.ActiveCfg = Release|Win32
		{90CD75E7-1CB0-3235-8CCD-F2DE59EA8F01}.Release|Win32.Build.0 = Release|Win32
		{90CD75E7-1CB0-3235-8CCD-F2DE59EA8F01}.MinSizeRel|Win32.ActiveCfg = MinSizeRel|Win32
		{90CD75E7-1CB0-3235-8CCD-F2DE59EA8F01}.MinSizeRel|Win32.Build.0 = MinSizeRel|Win32
		{90CD75E7-1CB0-3235-8CCD-F2DE59EA8F01}.RelWithDebInfo|Win32.ActiveCfg = RelWithDebInfo|Win32
		{90CD75E7-1CB0-3235-8CCD-F2DE59EA8F01}.RelWithDebInfo|Win32.Build.0 = RelWithDebInfo|Win32
		{064FE91E-FD06-36F8-AE5C-C5A16B9FE5C9}.Debug|Win32.ActiveCfg = Debug|Win32
		{064FE91E-FD06-36F8-AE5C-C5A16B9FE5C9}.Debug|Win32.Build.0 = Debug|Win32
		{064FE91E-FD06-36F8-AE5C-C5A16B9FE5C9}.Release|Win32.ActiveCfg = Release|Win32
		{064FE91E-FD06-36F8-AE5C-C5A16B9FE5C9}.Release|Win32.Build.0 = Release|Win32
		{064FE91E-FD06-36F8-AE5C-C5A16B9FE5C9}.MinSizeRel|Win32.ActiveCfg = MinSizeRel|Win32
		{064FE91E-FD06-36F8-AE5C-C5A16B9FE5C9}.MinSizeRel|Win32.Build.0 = MinSizeRel|Win32
		{064FE91E-FD06-36F8-AE5C-C5A16B9FE5C9}.RelWithDebInfo|Win32.ActiveCfg = RelWithDebInfo|Win32
		{064FE91E-FD06-36F8-AE5C-C5A16B9FE5C9}.RelWithDebInfo|Win32.Build.0 = RelWithDebInfo|Win32
		{629E70AD-E6D2-3253-817F-5DF13E565D51}.Debug|Win32.ActiveCfg = Debug|Win32
		{629E70AD-E6D2-3253-817F-5DF13E565D51}.Debug|Win32.Build.0 = Debug|Win32
		{629E70AD-E6D2-3253-817F-5DF13E565D51}.Release|Win32.ActiveCfg = Release|Win32
		{629E70AD-E6D2-3253-817F-5DF13E565D51}.Release|Win32.Build.0 = Release|Win32
		{629E70AD-E6D2-3253-817F-5DF13E565D51}.MinSizeRel|Win32.ActiveCfg = MinSizeRel|Win32
		{629E70AD-E6D2-3253-817F-5DF13E565D51}.MinSizeRel|Win32.Build.0 = MinSizeRel|Win32
		{629E70AD-E6D2-3253-817F-5DF13E565D51}.RelWithDebInfo|Win32.ActiveCfg = RelWithDebInfo|Win32
		{629E70AD-E6D2-3253-817F-5DF13E565D51}.RelWithDebInfo|Win32.Build.0 = RelWithDebInfo|Win32
		{9823AE48-0387-3045-8FF6-1495DB750B8F}.Debug|Win32.ActiveCfg = Debug|Win32
		{9823AE48-0387-3045-8FF6-1495DB750B8F}.Debug|Win32.Build.0 = Debug|Win32
		{9823AE48-0387-3045-8FF6-1495DB750B8F}.Release|Win32.ActiveCfg = Release|Win32
		{9823AE48-0387-3045-8FF6-1495DB750B8F}.Release|Win32.Build.0 = Release|Win32
		{9823AE48-0387-3045-8FF6-1495DB750B8F}.MinSizeRel|Win32.ActiveCfg = MinSizeRel|Win32
		{9823AE48-0387-3045-8FF6-1495DB750B8F}.MinSizeRel|Win32.Build.0 = MinSizeRel|Win32
		{9823AE48-0387-3045-8FF6-1495DB750B8F}.RelWithDebInfo|Win32.ActiveCfg = RelWithDebInfo|Win32
		{9823AE48-0387-3045-8FF6-1495DB750B8F}.RelWithDebInfo|Win32.Build.0 = RelWithDebInfo|Win32
		{6B8580DB-4676-3171-B057-0D26BC6E45E5}.Debug|Win32.ActiveCfg = Debug|Win32
		{6B8580DB-4676-3171-B057-0D26BC6E45E5}.Debug|Win32.Build.0 = Debug|Win32
		{6B8580DB-4676-3171-B057-0D26BC6E45E5}.Release|Win32.ActiveCfg = Release|Win32
		{6B8580DB-4676-3171-B057-0D26BC6E45E5}.Release|Win32.Build.0 = Release|Win32
		{6B8580DB-4676-3171-B057-0D26BC6E45E5}.MinSizeRel|Win32.ActiveCfg = MinSizeRel|Win32
		{6B8580DB-4676-3171-B057-0D26BC6E45E5}.MinSizeRel|Win32.Build.0 = MinSizeRel|Win32
		{6B8580DB-4676-3171-B057-0D26BC6E45E5}.RelWithDebInfo|Win32.ActiveCfg = RelWithDebInfo|Win32
		{6B8580DB-4676-3171-B057-0D26BC6E45E5}.RelWithDebInfo|Win32.Build.0 = RelWithDebInfo|Win32
		{B2431B30-65EE-366A-85FA-E3000C238C88}.Debug|Win32.ActiveCfg = Debug|Win32
		{B2431B30-65EE-366A-85FA-E3000C238C88}.Debug|Win32.Build.0 = Debug|Win32
		{B2431B30-65EE-366A-85FA-E3000C238C88}.Release|Win32.ActiveCfg = Release|Win32
		{B2431B30-65EE-366A-85FA-E3000C238C88}.Release|Win32.Build.0 = Release|Win32
		{B2431B30-65EE-366A-85FA-E3000C238C88}.MinSizeRel|Win32.ActiveCfg = MinSizeRel|Win32
		{B2431B30-65EE-366A-85FA-E3000C238C88}.MinSizeRel|Win32.Build.0 = MinSizeRel|Win32
		{B2431B30-65EE-366A-85FA-E3000C238C88}.RelWithDebInfo|Win32.ActiveCfg = RelWithDebInfo|Win32
		{B2431B30-65EE-366A-85FA-E3000C238C88}.RelWithDebInfo|Win32.Build.0 = RelWithDebInfo|Win32
		{2C75FB9F-365E-3D98-85CB-F523DC37ED46}.Debug|Win32.ActiveCfg = Debug|Win32
		{2C75FB9F-365E-3D98-85CB-F523DC37ED46}.Debug|Win32.Build.0 = Debug|Win32
		{2C75FB9F-365E-3D98-85CB-F523DC37ED46}.Release|Win32.ActiveCfg = Release|Win32
		{2C75FB9F-365E-3D98-85CB-F523DC37ED46}.Release|Win32.Build.0 = Release|Win32
		{2C75FB9F-365E-3D98-85CB-F523DC37ED46}.MinSizeRel|Win32.ActiveCfg = MinSizeRel|Win32
		{2C75FB9F-365E-3D98-85CB-F523DC37ED46}.MinSizeRel|Win32.Build.0 = MinSizeRel|Win32
		{2C75FB9F-365E-3D98-85CB-F523DC37ED46}.RelWithDebInfo|Win32.ActiveCfg = RelWithDebInfo|Win32
		{2C75FB9F-365E-3D98-85CB-F523DC37ED46}.RelWithDebInfo|Win32.Build.0 = RelWithDebInfo|Win32
		{03120A04-FAC5-3E2E-83ED-60FD3A6DF0AD}.Debug|Win32.ActiveCfg = Debug|Win32
		{03120A04-FAC5-3E2E-83ED-60FD3A6DF0AD}.Debug|Win32.Build.0 = Debug|Win32
		{03120A04-FAC5-3E2E-83ED-60FD3A6DF0AD}.Release|Win32.ActiveCfg = Release|Win32
		{03120A04-FAC5-3E2E-83ED-60FD3A6DF0AD}.Release|Win32.Build.0 = Release|Win32
		{03120A04-FAC5-3E2E-83ED-60FD3A6DF0AD}.MinSizeRel|Win32.ActiveCfg = MinSizeRel|Win32
		{03120A04-FAC5-3E2E-83ED-60FD3A6DF0AD}.MinSizeRel|Win32.Build.0 = MinSizeRel|Win32
		{03120A04-FAC5-3E2E-83ED-60FD3A6DF0AD}.RelWithDebInfo|Win32.ActiveCfg = RelWithDebInfo|Win32
		{03120A04-FAC5-3E2E-83ED-60FD3A6DF0AD}.RelWithDebInfo|Win32.Build.0 = RelWithDebInfo|Win32
		{2B129929-5D8D-3D2E-8523-FFD39A5C620D}.Debug|Win32.ActiveCfg = Debug|Win32
		{2B129929-5D8D-3D2E-8523-FFD39A5C620D}.Debug|Win32.Build.0 = Debug|Win32
		{2B129929-5D8D-3D2E-8523-FFD39A5C620D}.Release|Win32.ActiveCfg = Release|Win32
		{2B129929-5D8D-3D2E-8523-FFD39A5C620D}.Release|Win32.Build.0 = Release|Win32
		{2B129929-5D8D-3D2E-8523-FFD39A5C620D}.MinSizeRel|Win32.ActiveCfg = MinSizeRel|Win32
		{2B129929-5D8D-3D2E-8523-FFD39A5C620D}.MinSizeRel|Win32.Build.0 = MinSizeRel|Win32
		{2B129929-5D8D-3D2E-8523-FFD39A5C620D}.RelWithDebInfo|Win32.ActiveCfg = RelWithDebInfo|Win32
		{2B129929-5D8D-3D2E-8523-FFD39A5C620D}.RelWithDebInfo|Win32.Build.0 = RelWithDebInfo|Win32
		{AA225FA0-2F9B-3D44-9921-2B2B3C7B3121}.Debug|Win32.ActiveCfg = Debug|Win32
		{AA225FA0-2F9B-3D44-9921-2B2B3C7B3121}.Debug|Win32.Build.0 = Debug|Win32
		{AA225FA0-2F9B-3D44-9921-2B2B3C7B3121}.Release|Win32.ActiveCfg = Release|Win32
		{AA225FA0-2F9B-3D44-9921-2B2B3C7B3121}.Release|Win32.Build.0 = Release|Win32
		{AA225FA0-2F9B-3D44-9921-2B2B3C7B3121}.MinSizeRel|Win32.ActiveCfg = MinSizeRel|Win32
		{AA225FA0-2F9B-3D44-9921-2B2B3C7B3121}.MinSizeRel|Win32.Build.0 = MinSizeRel|Win32
		{AA225FA0-2F9B-3D44-9921-2B2B3C7B3121}.RelWithDebInfo|Win32.ActiveCfg = RelWithDebInfo|Win32
		{AA225FA0-2F9B-3D44-9921-2B2B3C7B3121}.RelWithDebInfo|Win32.Build.0 = RelWithDebInfo|Win32
		{B38A4F7E-F850-3AC6-8F97-F6660A4B7AE7}.Debug|Win32.ActiveCfg = Debug|Win32
		{B38A4F7E-F850-3AC6-8F97-F6660A4B7AE7}.Debug|Win32.Build.0 = Debug|Win32
		{B38A4F7E-F850-3AC6-8F97-F6660A4B7AE7}.Release|Win32.ActiveCfg = Release|Win32
		{B38A4F7E-F850-3AC6-8F97-F6660A4B7AE7}.Release|Win32.Build.0 = Release|Win32
		{B38A4F7E-F850-3AC6-8F97-F6660A4B7AE7}.MinSizeRel|Win32.ActiveCfg = MinSizeRel|Win32
		{B38A4F7E-F850-3AC6-8F97-F6660A4B7AE7}.MinSizeRel|Win32.Build.0 = MinSizeRel|Win32
		{B38A4F7E-F850-3AC6-8F97-F6660A4B7AE7}.RelWithDebInfo|Win32.ActiveCfg = RelWithDebInfo|Win32
		{B38A4F7E-F850-3AC6-8F97-F6660A4B7AE7}.RelWithDebInfo|Win32.Build.0 = RelWithDebInfo|Win32
	EndGlobalSection
	GlobalSection(ExtensibilityGlobals) = postSolution
	EndGlobalSection
	GlobalSection(ExtensibilityAddIns) = postSolution
	EndGlobalSection
EndGlobal
